// !$*UTF8*$!
{
	archiveVersion = 1;
	classes = {
	};
	objectVersion = 46;
	objects = {

/* Begin PBXBuildFile section */
		560250801A1E0A93008E4BD6 /* TagObserverTests.swift in Sources */ = {isa = PBXBuildFile; fileRef = 5602507F1A1E0A93008E4BD6 /* TagObserverTests.swift */; };
		561646971A23C21B00F8ADE0 /* Movie.mustache in Resources */ = {isa = PBXBuildFile; fileRef = 561646931A23C11400F8ADE0 /* Movie.mustache */; };
		561646981A23C21B00F8ADE0 /* Person.mustache in Resources */ = {isa = PBXBuildFile; fileRef = 561646951A23C12B00F8ADE0 /* Person.mustache */; };
		561646991A23C21B00F8ADE0 /* Movie.mustache in Resources */ = {isa = PBXBuildFile; fileRef = 561646931A23C11400F8ADE0 /* Movie.mustache */; };
		5616469A1A23C21B00F8ADE0 /* Person.mustache in Resources */ = {isa = PBXBuildFile; fileRef = 561646951A23C12B00F8ADE0 /* Person.mustache */; };
		5622F1F51A02E98F00B5D3F8 /* StandardLibrary.swift in Sources */ = {isa = PBXBuildFile; fileRef = 5622F1F41A02E98F00B5D3F8 /* StandardLibrary.swift */; };
		5622F1F81A03535700B5D3F8 /* Localizer.swift in Sources */ = {isa = PBXBuildFile; fileRef = 5622F1F71A03535700B5D3F8 /* Localizer.swift */; };
		5622F1FB1A0355EE00B5D3F8 /* EachFilter.swift in Sources */ = {isa = PBXBuildFile; fileRef = 5622F1FA1A0355EE00B5D3F8 /* EachFilter.swift */; };
		5622F2011A054D5800B5D3F8 /* HTMLEscape.swift in Sources */ = {isa = PBXBuildFile; fileRef = 5622F2001A054D5800B5D3F8 /* HTMLEscape.swift */; };
		5629A7C71A1F676600D41F7C /* TagTests_wrapper.mustache in Resources */ = {isa = PBXBuildFile; fileRef = 5629A7C61A1F676600D41F7C /* TagTests_wrapper.mustache */; };
		563AE19D19FBE47A0028C6C1 /* GRMustache.h in Headers */ = {isa = PBXBuildFile; fileRef = 563AE19C19FBE47A0028C6C1 /* GRMustache.h */; settings = {ATTRIBUTES = (Public, ); }; };
		563AE1A319FBE47A0028C6C1 /* GRMustache.framework in Frameworks */ = {isa = PBXBuildFile; fileRef = 563AE19719FBE47A0028C6C1 /* GRMustache.framework */; };
		563AE1B519FBE4FF0028C6C1 /* TemplateParser.swift in Sources */ = {isa = PBXBuildFile; fileRef = 563AE1B419FBE4FF0028C6C1 /* TemplateParser.swift */; };
		563AE1B719FBE6220028C6C1 /* TemplateToken.swift in Sources */ = {isa = PBXBuildFile; fileRef = 563AE1B619FBE6220028C6C1 /* TemplateToken.swift */; };
		563AE1BA19FBE6F40028C6C1 /* Configuration.swift in Sources */ = {isa = PBXBuildFile; fileRef = 563AE1B919FBE6F40028C6C1 /* Configuration.swift */; };
		563AE1BD19FC27040028C6C1 /* TemplateCompiler.swift in Sources */ = {isa = PBXBuildFile; fileRef = 563AE1BC19FC27040028C6C1 /* TemplateCompiler.swift */; };
		563AE1C019FC29BF0028C6C1 /* TemplateAST.swift in Sources */ = {isa = PBXBuildFile; fileRef = 563AE1BF19FC29BF0028C6C1 /* TemplateAST.swift */; };
		563AE1C219FC29E70028C6C1 /* TemplateASTNode.swift in Sources */ = {isa = PBXBuildFile; fileRef = 563AE1C119FC29E70028C6C1 /* TemplateASTNode.swift */; };
		563AE1C719FC364B0028C6C1 /* TextNode.swift in Sources */ = {isa = PBXBuildFile; fileRef = 563AE1C619FC364B0028C6C1 /* TextNode.swift */; };
		563AE1C919FC38B80028C6C1 /* ExpressionParser.swift in Sources */ = {isa = PBXBuildFile; fileRef = 563AE1C819FC38B80028C6C1 /* ExpressionParser.swift */; };
		563AE1CC19FC3A030028C6C1 /* Expression.swift in Sources */ = {isa = PBXBuildFile; fileRef = 563AE1CB19FC3A030028C6C1 /* Expression.swift */; };
		563AE1CE19FC3A290028C6C1 /* IdentifierExpression.swift in Sources */ = {isa = PBXBuildFile; fileRef = 563AE1CD19FC3A290028C6C1 /* IdentifierExpression.swift */; };
		563AE1D019FC446A0028C6C1 /* VariableTag.swift in Sources */ = {isa = PBXBuildFile; fileRef = 563AE1CF19FC446A0028C6C1 /* VariableTag.swift */; };
		563AE1D319FC45400028C6C1 /* TemplateRepository.swift in Sources */ = {isa = PBXBuildFile; fileRef = 563AE1D219FC45400028C6C1 /* TemplateRepository.swift */; };
		563AE1D519FC48330028C6C1 /* Template.swift in Sources */ = {isa = PBXBuildFile; fileRef = 563AE1D419FC48330028C6C1 /* Template.swift */; };
		563AE1D819FC4A450028C6C1 /* Context.swift in Sources */ = {isa = PBXBuildFile; fileRef = 563AE1D719FC4A450028C6C1 /* Context.swift */; };
		563AE1EC19FC55920028C6C1 /* RenderingEngine.swift in Sources */ = {isa = PBXBuildFile; fileRef = 563AE1EB19FC55920028C6C1 /* RenderingEngine.swift */; };
		563AE1EF19FC5A2E0028C6C1 /* TemplateASTVisitor.swift in Sources */ = {isa = PBXBuildFile; fileRef = 563AE1EE19FC5A2E0028C6C1 /* TemplateASTVisitor.swift */; };
		563AE1F219FC5A940028C6C1 /* InheritablePartialNode.swift in Sources */ = {isa = PBXBuildFile; fileRef = 563AE1F119FC5A940028C6C1 /* InheritablePartialNode.swift */; };
		563AE1F519FC5ACD0028C6C1 /* InheritableSectionNode.swift in Sources */ = {isa = PBXBuildFile; fileRef = 563AE1F419FC5ACD0028C6C1 /* InheritableSectionNode.swift */; };
		563AE1F819FC5AF80028C6C1 /* PartialNode.swift in Sources */ = {isa = PBXBuildFile; fileRef = 563AE1F719FC5AF80028C6C1 /* PartialNode.swift */; };
		563AE1FB19FC5B860028C6C1 /* SectionTag.swift in Sources */ = {isa = PBXBuildFile; fileRef = 563AE1FA19FC5B860028C6C1 /* SectionTag.swift */; };
		563AE1FE19FC5DEC0028C6C1 /* TranslateCharacters.swift in Sources */ = {isa = PBXBuildFile; fileRef = 563AE1FD19FC5DEC0028C6C1 /* TranslateCharacters.swift */; };
		563AE20119FC62330028C6C1 /* Tag.swift in Sources */ = {isa = PBXBuildFile; fileRef = 563AE20019FC62330028C6C1 /* Tag.swift */; };
		563AE20419FC643C0028C6C1 /* ExpressionInvocation.swift in Sources */ = {isa = PBXBuildFile; fileRef = 563AE20319FC643C0028C6C1 /* ExpressionInvocation.swift */; };
		563AE20A19FD090F0028C6C1 /* ExpressionVisitor.swift in Sources */ = {isa = PBXBuildFile; fileRef = 563AE20919FD090F0028C6C1 /* ExpressionVisitor.swift */; };
		564717311A18EAE600E383F9 /* FilterTests.swift in Sources */ = {isa = PBXBuildFile; fileRef = 564717301A18EAE600E383F9 /* FilterTests.swift */; };
		5674F3731A1CC417000CE8CB /* NSFormatter.swift in Sources */ = {isa = PBXBuildFile; fileRef = 5674F3721A1CC417000CE8CB /* NSFormatter.swift */; };
		5674F3751A1CC7B8000CE8CB /* NSFormatterTests.swift in Sources */ = {isa = PBXBuildFile; fileRef = 5674F3741A1CC7B8000CE8CB /* NSFormatterTests.swift */; };
		5685DAB41A1A2029003E583B /* LocalizerTestsBundle in Resources */ = {isa = PBXBuildFile; fileRef = 5685DAB31A1A2029003E583B /* LocalizerTestsBundle */; };
		5685DAB61A1A2074003E583B /* LocalizerTests.swift in Sources */ = {isa = PBXBuildFile; fileRef = 5685DAB51A1A2074003E583B /* LocalizerTests.swift */; };
		568A8DBF1A20CAAD005C9CB4 /* GRMustache.framework in Frameworks */ = {isa = PBXBuildFile; fileRef = 568A8DB41A20CAAC005C9CB4 /* GRMustache.framework */; };
		568A8DCD1A20CB8D005C9CB4 /* GRMustache.h in Headers */ = {isa = PBXBuildFile; fileRef = 563AE19C19FBE47A0028C6C1 /* GRMustache.h */; settings = {ATTRIBUTES = (Public, ); }; };
		568A8DCE1A20CB95005C9CB4 /* Expression.swift in Sources */ = {isa = PBXBuildFile; fileRef = 563AE1CB19FC3A030028C6C1 /* Expression.swift */; };
		568A8DCF1A20CB95005C9CB4 /* ExpressionVisitor.swift in Sources */ = {isa = PBXBuildFile; fileRef = 563AE20919FD090F0028C6C1 /* ExpressionVisitor.swift */; };
		568A8DD01A20CB95005C9CB4 /* FilteredExpression.swift in Sources */ = {isa = PBXBuildFile; fileRef = 56CC2C9D1A000CEB00CBD45A /* FilteredExpression.swift */; };
		568A8DD11A20CB95005C9CB4 /* IdentifierExpression.swift in Sources */ = {isa = PBXBuildFile; fileRef = 563AE1CD19FC3A290028C6C1 /* IdentifierExpression.swift */; };
		568A8DD21A20CB95005C9CB4 /* ImplicitIteratorExpression.swift in Sources */ = {isa = PBXBuildFile; fileRef = 56CC2C9A1A000C6D00CBD45A /* ImplicitIteratorExpression.swift */; };
		568A8DD31A20CB95005C9CB4 /* ScopedExpression.swift in Sources */ = {isa = PBXBuildFile; fileRef = 56CC2CA01A000EE400CBD45A /* ScopedExpression.swift */; };
		568A8DD41A20CB9B005C9CB4 /* InheritablePartialNode.swift in Sources */ = {isa = PBXBuildFile; fileRef = 563AE1F119FC5A940028C6C1 /* InheritablePartialNode.swift */; };
		568A8DD51A20CB9B005C9CB4 /* InheritableSectionNode.swift in Sources */ = {isa = PBXBuildFile; fileRef = 563AE1F419FC5ACD0028C6C1 /* InheritableSectionNode.swift */; };
		568A8DD61A20CB9B005C9CB4 /* PartialNode.swift in Sources */ = {isa = PBXBuildFile; fileRef = 563AE1F719FC5AF80028C6C1 /* PartialNode.swift */; };
		568A8DD71A20CB9B005C9CB4 /* SectionTag.swift in Sources */ = {isa = PBXBuildFile; fileRef = 563AE1FA19FC5B860028C6C1 /* SectionTag.swift */; };
		568A8DD81A20CB9B005C9CB4 /* Tag.swift in Sources */ = {isa = PBXBuildFile; fileRef = 563AE20019FC62330028C6C1 /* Tag.swift */; };
		568A8DD91A20CB9B005C9CB4 /* TemplateAST.swift in Sources */ = {isa = PBXBuildFile; fileRef = 563AE1BF19FC29BF0028C6C1 /* TemplateAST.swift */; };
		568A8DDA1A20CB9B005C9CB4 /* TemplateASTNode.swift in Sources */ = {isa = PBXBuildFile; fileRef = 563AE1C119FC29E70028C6C1 /* TemplateASTNode.swift */; };
		568A8DDB1A20CB9B005C9CB4 /* TemplateASTVisitor.swift in Sources */ = {isa = PBXBuildFile; fileRef = 563AE1EE19FC5A2E0028C6C1 /* TemplateASTVisitor.swift */; };
		568A8DDC1A20CB9B005C9CB4 /* TextNode.swift in Sources */ = {isa = PBXBuildFile; fileRef = 563AE1C619FC364B0028C6C1 /* TextNode.swift */; };
		568A8DDD1A20CB9B005C9CB4 /* VariableTag.swift in Sources */ = {isa = PBXBuildFile; fileRef = 563AE1CF19FC446A0028C6C1 /* VariableTag.swift */; };
		568A8DDE1A20CB9F005C9CB4 /* TemplateCompiler.swift in Sources */ = {isa = PBXBuildFile; fileRef = 563AE1BC19FC27040028C6C1 /* TemplateCompiler.swift */; };
		568A8DDF1A20CBA3005C9CB4 /* Configuration.swift in Sources */ = {isa = PBXBuildFile; fileRef = 563AE1B919FBE6F40028C6C1 /* Configuration.swift */; };
		568A8DE01A20CBA7005C9CB4 /* ExpressionParser.swift in Sources */ = {isa = PBXBuildFile; fileRef = 563AE1C819FC38B80028C6C1 /* ExpressionParser.swift */; };
		568A8DE11A20CBA7005C9CB4 /* TemplateParser.swift in Sources */ = {isa = PBXBuildFile; fileRef = 563AE1B419FBE4FF0028C6C1 /* TemplateParser.swift */; };
		568A8DE21A20CBA7005C9CB4 /* TemplateToken.swift in Sources */ = {isa = PBXBuildFile; fileRef = 563AE1B619FBE6220028C6C1 /* TemplateToken.swift */; };
		568A8DE31A20CBAD005C9CB4 /* Context.swift in Sources */ = {isa = PBXBuildFile; fileRef = 563AE1D719FC4A450028C6C1 /* Context.swift */; };
		568A8DE41A20CBAD005C9CB4 /* ExpressionInvocation.swift in Sources */ = {isa = PBXBuildFile; fileRef = 563AE20319FC643C0028C6C1 /* ExpressionInvocation.swift */; };
		568A8DE51A20CBAD005C9CB4 /* RenderingEngine.swift in Sources */ = {isa = PBXBuildFile; fileRef = 563AE1EB19FC55920028C6C1 /* RenderingEngine.swift */; };
		568A8DE61A20CBAD005C9CB4 /* Value.swift in Sources */ = {isa = PBXBuildFile; fileRef = 56BD793F1A0E381900937A76 /* Value.swift */; };
		568A8DE71A20CBB1005C9CB4 /* EachFilter.swift in Sources */ = {isa = PBXBuildFile; fileRef = 5622F1FA1A0355EE00B5D3F8 /* EachFilter.swift */; };
		568A8DE81A20CBB1005C9CB4 /* HTMLEscape.swift in Sources */ = {isa = PBXBuildFile; fileRef = 5622F2001A054D5800B5D3F8 /* HTMLEscape.swift */; };
		568A8DE91A20CBB1005C9CB4 /* JavascriptEscape.swift in Sources */ = {isa = PBXBuildFile; fileRef = 56BF065A1A063DE600926BEB /* JavascriptEscape.swift */; };
		568A8DEA1A20CBB1005C9CB4 /* Localizer.swift in Sources */ = {isa = PBXBuildFile; fileRef = 5622F1F71A03535700B5D3F8 /* Localizer.swift */; };
		568A8DEB1A20CBB1005C9CB4 /* StandardLibrary.swift in Sources */ = {isa = PBXBuildFile; fileRef = 5622F1F41A02E98F00B5D3F8 /* StandardLibrary.swift */; };
		568A8DEC1A20CBB1005C9CB4 /* URLEscape.swift in Sources */ = {isa = PBXBuildFile; fileRef = 56BF06571A063DC800926BEB /* URLEscape.swift */; };
		568A8DED1A20CBB1005C9CB4 /* NSFormatter.swift in Sources */ = {isa = PBXBuildFile; fileRef = 5674F3721A1CC417000CE8CB /* NSFormatter.swift */; };
		568A8DEE1A20CBB7005C9CB4 /* Error.swift in Sources */ = {isa = PBXBuildFile; fileRef = 56AD06F619FE704700406BB8 /* Error.swift */; };
		568A8DF01A20CBB7005C9CB4 /* TranslateCharacters.swift in Sources */ = {isa = PBXBuildFile; fileRef = 563AE1FD19FC5DEC0028C6C1 /* TranslateCharacters.swift */; };
		568A8DF11A20CBBC005C9CB4 /* Template.swift in Sources */ = {isa = PBXBuildFile; fileRef = 563AE1D419FC48330028C6C1 /* Template.swift */; };
		568A8DF21A20CBBC005C9CB4 /* TemplateRepository.swift in Sources */ = {isa = PBXBuildFile; fileRef = 563AE1D219FC45400028C6C1 /* TemplateRepository.swift */; };
		568A8DF31A20CBC4005C9CB4 /* ConfigurationBaseContextTests.swift in Sources */ = {isa = PBXBuildFile; fileRef = 56FC9C841A17CD0C0020AAF8 /* ConfigurationBaseContextTests.swift */; };
		568A8DF41A20CBC4005C9CB4 /* ConfigurationContentTypeTests.swift in Sources */ = {isa = PBXBuildFile; fileRef = 56FC9C851A17CD0C0020AAF8 /* ConfigurationContentTypeTests.swift */; };
		568A8DF51A20CBC4005C9CB4 /* ConfigurationExtendBaseContextTests.swift in Sources */ = {isa = PBXBuildFile; fileRef = 56FC9C861A17CD0C0020AAF8 /* ConfigurationExtendBaseContextTests.swift */; };
		568A8DF61A20CBC4005C9CB4 /* ConfigurationTagDelimitersTests.swift in Sources */ = {isa = PBXBuildFile; fileRef = 56FC9C871A17CD0C0020AAF8 /* ConfigurationTagDelimitersTests.swift */; };
		568A8DF71A20CBC9005C9CB4 /* ContextTests.swift in Sources */ = {isa = PBXBuildFile; fileRef = 56A0B4661A19D95A008A719F /* ContextTests.swift */; };
		568A8DF81A20CBC9005C9CB4 /* ContextValueForMustacheExpressionTests.swift in Sources */ = {isa = PBXBuildFile; fileRef = 56FC9C891A17CD0C0020AAF8 /* ContextValueForMustacheExpressionTests.swift */; };
		568A8DF91A20CBCD005C9CB4 /* FilterTests.swift in Sources */ = {isa = PBXBuildFile; fileRef = 564717301A18EAE600E383F9 /* FilterTests.swift */; };
		568A8DFA1A20CBCD005C9CB4 /* VariadicFilterTests.swift in Sources */ = {isa = PBXBuildFile; fileRef = 56FC9C901A189FA70020AAF8 /* VariadicFilterTests.swift */; };
		568A8DFB1A20CBD1005C9CB4 /* FoundationCollectionTests.swift in Sources */ = {isa = PBXBuildFile; fileRef = 56BF06C41A0650B400926BEB /* FoundationCollectionTests.swift */; };
		568A8DFC1A20CBD4005C9CB4 /* GRMustacheSuite in Resources */ = {isa = PBXBuildFile; fileRef = 56BF06C21A06500500926BEB /* GRMustacheSuite */; };
		568A8DFD1A20CBD9005C9CB4 /* GRMustacheSuiteTests.swift in Sources */ = {isa = PBXBuildFile; fileRef = 56BF06AF1A064FE900926BEB /* GRMustacheSuiteTests.swift */; };
		568A8DFE1A20CBDD005C9CB4 /* MustacheInspectableTests.swift in Sources */ = {isa = PBXBuildFile; fileRef = 5698D0261A1626240039D564 /* MustacheInspectableTests.swift */; };
		568A8DFF1A20CBDD005C9CB4 /* MustacheRenderableTests.swift in Sources */ = {isa = PBXBuildFile; fileRef = 56A88EC71A066EC40055E40A /* MustacheRenderableTests.swift */; };
		568A8E001A20CBE3005C9CB4 /* ReadMeExample1.mustache in Resources */ = {isa = PBXBuildFile; fileRef = 56C8D6E31A1F1AD800F106F8 /* ReadMeExample1.mustache */; };
		568A8E011A20CBE3005C9CB4 /* ReadMeExample2.mustache in Resources */ = {isa = PBXBuildFile; fileRef = 56C8D6E41A1F1AD800F106F8 /* ReadMeExample2.mustache */; };
		568A8E021A20CBE3005C9CB4 /* ReadMeTests.swift in Sources */ = {isa = PBXBuildFile; fileRef = 56C8D6E51A1F1AD800F106F8 /* ReadMeTests.swift */; };
		568A8E031A20CBEC005C9CB4 /* LocalizerTestsBundle in Resources */ = {isa = PBXBuildFile; fileRef = 5685DAB31A1A2029003E583B /* LocalizerTestsBundle */; };
		568A8E041A20CBF0005C9CB4 /* LocalizerTests.swift in Sources */ = {isa = PBXBuildFile; fileRef = 5685DAB51A1A2074003E583B /* LocalizerTests.swift */; };
		568A8E051A20CBF0005C9CB4 /* NSFormatterTests.swift in Sources */ = {isa = PBXBuildFile; fileRef = 5674F3741A1CC7B8000CE8CB /* NSFormatterTests.swift */; };
		568A8E061A20CBF0005C9CB4 /* StandardLibraryTests.swift in Sources */ = {isa = PBXBuildFile; fileRef = 56C8D6DB1A1DCB9500F106F8 /* StandardLibraryTests.swift */; };
		568A8E071A20CBF4005C9CB4 /* TagObserverTests.swift in Sources */ = {isa = PBXBuildFile; fileRef = 5602507F1A1E0A93008E4BD6 /* TagObserverTests.swift */; };
		568A8E081A20CBF7005C9CB4 /* TagTests_wrapper.mustache in Resources */ = {isa = PBXBuildFile; fileRef = 5629A7C61A1F676600D41F7C /* TagTests_wrapper.mustache */; };
		568A8E091A20CBF7005C9CB4 /* TagTests.mustache in Resources */ = {isa = PBXBuildFile; fileRef = 56B4019E1A1F643B002D5CD7 /* TagTests.mustache */; };
		568A8E0A1A20CBFB005C9CB4 /* TagTests.swift in Sources */ = {isa = PBXBuildFile; fileRef = 56B4019F1A1F643B002D5CD7 /* TagTests.swift */; };
		568A8E0B1A20CBFE005C9CB4 /* ValueTests.swift in Sources */ = {isa = PBXBuildFile; fileRef = 56C8D6E01A1F1A4700F106F8 /* ValueTests.swift */; };
		5698D0271A1626240039D564 /* MustacheInspectableTests.swift in Sources */ = {isa = PBXBuildFile; fileRef = 5698D0261A1626240039D564 /* MustacheInspectableTests.swift */; };
		56A0B4671A19D95A008A719F /* ContextTests.swift in Sources */ = {isa = PBXBuildFile; fileRef = 56A0B4661A19D95A008A719F /* ContextTests.swift */; };
		56A88EC81A066EC40055E40A /* MustacheRenderableTests.swift in Sources */ = {isa = PBXBuildFile; fileRef = 56A88EC71A066EC40055E40A /* MustacheRenderableTests.swift */; };
		56AD06F719FE704700406BB8 /* Error.swift in Sources */ = {isa = PBXBuildFile; fileRef = 56AD06F619FE704700406BB8 /* Error.swift */; };
		56B401A01A1F643B002D5CD7 /* TagTests.mustache in Resources */ = {isa = PBXBuildFile; fileRef = 56B4019E1A1F643B002D5CD7 /* TagTests.mustache */; };
		56B401A11A1F643B002D5CD7 /* TagTests.swift in Sources */ = {isa = PBXBuildFile; fileRef = 56B4019F1A1F643B002D5CD7 /* TagTests.swift */; };
		56BA49201A221ECB0029FD45 /* MustacheRenderableGuideTests.swift in Sources */ = {isa = PBXBuildFile; fileRef = 56BA491F1A221ECB0029FD45 /* MustacheRenderableGuideTests.swift */; };
		56BA49211A221ECB0029FD45 /* MustacheRenderableGuideTests.swift in Sources */ = {isa = PBXBuildFile; fileRef = 56BA491F1A221ECB0029FD45 /* MustacheRenderableGuideTests.swift */; };
		56BD79401A0E381900937A76 /* Value.swift in Sources */ = {isa = PBXBuildFile; fileRef = 56BD793F1A0E381900937A76 /* Value.swift */; };
		56BF06581A063DC800926BEB /* URLEscape.swift in Sources */ = {isa = PBXBuildFile; fileRef = 56BF06571A063DC800926BEB /* URLEscape.swift */; };
		56BF065B1A063DE600926BEB /* JavascriptEscape.swift in Sources */ = {isa = PBXBuildFile; fileRef = 56BF065A1A063DE600926BEB /* JavascriptEscape.swift */; };
		56BF06C11A064FE900926BEB /* GRMustacheSuiteTests.swift in Sources */ = {isa = PBXBuildFile; fileRef = 56BF06AF1A064FE900926BEB /* GRMustacheSuiteTests.swift */; };
		56BF06C31A06500500926BEB /* GRMustacheSuite in Resources */ = {isa = PBXBuildFile; fileRef = 56BF06C21A06500500926BEB /* GRMustacheSuite */; };
		56BF06C51A0650B400926BEB /* FoundationCollectionTests.swift in Sources */ = {isa = PBXBuildFile; fileRef = 56BF06C41A0650B400926BEB /* FoundationCollectionTests.swift */; };
		56C8D6DC1A1DCB9500F106F8 /* StandardLibraryTests.swift in Sources */ = {isa = PBXBuildFile; fileRef = 56C8D6DB1A1DCB9500F106F8 /* StandardLibraryTests.swift */; };
		56C8D6E11A1F1A4700F106F8 /* ValueTests.swift in Sources */ = {isa = PBXBuildFile; fileRef = 56C8D6E01A1F1A4700F106F8 /* ValueTests.swift */; };
		56C8D6E61A1F1AD800F106F8 /* ReadMeExample1.mustache in Resources */ = {isa = PBXBuildFile; fileRef = 56C8D6E31A1F1AD800F106F8 /* ReadMeExample1.mustache */; };
		56C8D6E71A1F1AD800F106F8 /* ReadMeExample2.mustache in Resources */ = {isa = PBXBuildFile; fileRef = 56C8D6E41A1F1AD800F106F8 /* ReadMeExample2.mustache */; };
		56C8D6E81A1F1AD800F106F8 /* ReadMeTests.swift in Sources */ = {isa = PBXBuildFile; fileRef = 56C8D6E51A1F1AD800F106F8 /* ReadMeTests.swift */; };
		56CC2C9B1A000C6D00CBD45A /* ImplicitIteratorExpression.swift in Sources */ = {isa = PBXBuildFile; fileRef = 56CC2C9A1A000C6D00CBD45A /* ImplicitIteratorExpression.swift */; };
		56CC2C9E1A000CEB00CBD45A /* FilteredExpression.swift in Sources */ = {isa = PBXBuildFile; fileRef = 56CC2C9D1A000CEB00CBD45A /* FilteredExpression.swift */; };
		56CC2CA11A000EE400CBD45A /* ScopedExpression.swift in Sources */ = {isa = PBXBuildFile; fileRef = 56CC2CA01A000EE400CBD45A /* ScopedExpression.swift */; };
		56FC9C8A1A17CD0C0020AAF8 /* ConfigurationBaseContextTests.swift in Sources */ = {isa = PBXBuildFile; fileRef = 56FC9C841A17CD0C0020AAF8 /* ConfigurationBaseContextTests.swift */; };
		56FC9C8B1A17CD0C0020AAF8 /* ConfigurationContentTypeTests.swift in Sources */ = {isa = PBXBuildFile; fileRef = 56FC9C851A17CD0C0020AAF8 /* ConfigurationContentTypeTests.swift */; };
		56FC9C8C1A17CD0C0020AAF8 /* ConfigurationExtendBaseContextTests.swift in Sources */ = {isa = PBXBuildFile; fileRef = 56FC9C861A17CD0C0020AAF8 /* ConfigurationExtendBaseContextTests.swift */; };
		56FC9C8D1A17CD0C0020AAF8 /* ConfigurationTagDelimitersTests.swift in Sources */ = {isa = PBXBuildFile; fileRef = 56FC9C871A17CD0C0020AAF8 /* ConfigurationTagDelimitersTests.swift */; };
		56FC9C8E1A17CD0C0020AAF8 /* ContextValueForMustacheExpressionTests.swift in Sources */ = {isa = PBXBuildFile; fileRef = 56FC9C891A17CD0C0020AAF8 /* ContextValueForMustacheExpressionTests.swift */; };
		56FC9C911A189FA70020AAF8 /* VariadicFilterTests.swift in Sources */ = {isa = PBXBuildFile; fileRef = 56FC9C901A189FA70020AAF8 /* VariadicFilterTests.swift */; };
/* End PBXBuildFile section */

/* Begin PBXContainerItemProxy section */
		563AE1A419FBE47A0028C6C1 /* PBXContainerItemProxy */ = {
			isa = PBXContainerItemProxy;
			containerPortal = 563AE18E19FBE4790028C6C1 /* Project object */;
			proxyType = 1;
			remoteGlobalIDString = 563AE19619FBE47A0028C6C1;
			remoteInfo = GRMustache;
		};
		568A8DC01A20CAAD005C9CB4 /* PBXContainerItemProxy */ = {
			isa = PBXContainerItemProxy;
			containerPortal = 563AE18E19FBE4790028C6C1 /* Project object */;
			proxyType = 1;
			remoteGlobalIDString = 568A8DB31A20CAAC005C9CB4;
			remoteInfo = GRMustacheOSX;
		};
/* End PBXContainerItemProxy section */

/* Begin PBXFileReference section */
		5602507F1A1E0A93008E4BD6 /* TagObserverTests.swift */ = {isa = PBXFileReference; fileEncoding = 4; lastKnownFileType = sourcecode.swift; path = TagObserverTests.swift; sourceTree = "<group>"; };
		561646931A23C11400F8ADE0 /* Movie.mustache */ = {isa = PBXFileReference; fileEncoding = 4; lastKnownFileType = text; path = Movie.mustache; sourceTree = "<group>"; };
		561646951A23C12B00F8ADE0 /* Person.mustache */ = {isa = PBXFileReference; fileEncoding = 4; lastKnownFileType = text; path = Person.mustache; sourceTree = "<group>"; };
		5622F1F41A02E98F00B5D3F8 /* StandardLibrary.swift */ = {isa = PBXFileReference; fileEncoding = 4; lastKnownFileType = sourcecode.swift; path = StandardLibrary.swift; sourceTree = "<group>"; };
		5622F1F71A03535700B5D3F8 /* Localizer.swift */ = {isa = PBXFileReference; fileEncoding = 4; lastKnownFileType = sourcecode.swift; path = Localizer.swift; sourceTree = "<group>"; };
		5622F1FA1A0355EE00B5D3F8 /* EachFilter.swift */ = {isa = PBXFileReference; fileEncoding = 4; lastKnownFileType = sourcecode.swift; path = EachFilter.swift; sourceTree = "<group>"; };
		5622F2001A054D5800B5D3F8 /* HTMLEscape.swift */ = {isa = PBXFileReference; fileEncoding = 4; lastKnownFileType = sourcecode.swift; lineEnding = 0; path = HTMLEscape.swift; sourceTree = "<group>"; xcLanguageSpecificationIdentifier = xcode.lang.swift; };
		5629A7C61A1F676600D41F7C /* TagTests_wrapper.mustache */ = {isa = PBXFileReference; fileEncoding = 4; lastKnownFileType = text; path = TagTests_wrapper.mustache; sourceTree = "<group>"; };
		563AE19719FBE47A0028C6C1 /* GRMustache.framework */ = {isa = PBXFileReference; explicitFileType = wrapper.framework; includeInIndex = 0; path = GRMustache.framework; sourceTree = BUILT_PRODUCTS_DIR; };
		563AE19B19FBE47A0028C6C1 /* Info.plist */ = {isa = PBXFileReference; lastKnownFileType = text.plist.xml; path = Info.plist; sourceTree = "<group>"; };
		563AE19C19FBE47A0028C6C1 /* GRMustache.h */ = {isa = PBXFileReference; lastKnownFileType = sourcecode.c.h; path = GRMustache.h; sourceTree = "<group>"; };
		563AE1A219FBE47A0028C6C1 /* GRMustacheiOSTests.xctest */ = {isa = PBXFileReference; explicitFileType = wrapper.cfbundle; includeInIndex = 0; path = GRMustacheiOSTests.xctest; sourceTree = BUILT_PRODUCTS_DIR; };
		563AE1A819FBE47A0028C6C1 /* Info.plist */ = {isa = PBXFileReference; lastKnownFileType = text.plist.xml; path = Info.plist; sourceTree = "<group>"; };
		563AE1B419FBE4FF0028C6C1 /* TemplateParser.swift */ = {isa = PBXFileReference; fileEncoding = 4; lastKnownFileType = sourcecode.swift; path = TemplateParser.swift; sourceTree = "<group>"; };
		563AE1B619FBE6220028C6C1 /* TemplateToken.swift */ = {isa = PBXFileReference; fileEncoding = 4; lastKnownFileType = sourcecode.swift; path = TemplateToken.swift; sourceTree = "<group>"; };
		563AE1B919FBE6F40028C6C1 /* Configuration.swift */ = {isa = PBXFileReference; fileEncoding = 4; lastKnownFileType = sourcecode.swift; path = Configuration.swift; sourceTree = "<group>"; };
		563AE1BC19FC27040028C6C1 /* TemplateCompiler.swift */ = {isa = PBXFileReference; fileEncoding = 4; lastKnownFileType = sourcecode.swift; path = TemplateCompiler.swift; sourceTree = "<group>"; };
		563AE1BF19FC29BF0028C6C1 /* TemplateAST.swift */ = {isa = PBXFileReference; fileEncoding = 4; lastKnownFileType = sourcecode.swift; path = TemplateAST.swift; sourceTree = "<group>"; };
		563AE1C119FC29E70028C6C1 /* TemplateASTNode.swift */ = {isa = PBXFileReference; fileEncoding = 4; lastKnownFileType = sourcecode.swift; path = TemplateASTNode.swift; sourceTree = "<group>"; };
		563AE1C619FC364B0028C6C1 /* TextNode.swift */ = {isa = PBXFileReference; fileEncoding = 4; lastKnownFileType = sourcecode.swift; path = TextNode.swift; sourceTree = "<group>"; };
		563AE1C819FC38B80028C6C1 /* ExpressionParser.swift */ = {isa = PBXFileReference; fileEncoding = 4; lastKnownFileType = sourcecode.swift; path = ExpressionParser.swift; sourceTree = "<group>"; };
		563AE1CB19FC3A030028C6C1 /* Expression.swift */ = {isa = PBXFileReference; fileEncoding = 4; lastKnownFileType = sourcecode.swift; path = Expression.swift; sourceTree = "<group>"; };
		563AE1CD19FC3A290028C6C1 /* IdentifierExpression.swift */ = {isa = PBXFileReference; fileEncoding = 4; lastKnownFileType = sourcecode.swift; path = IdentifierExpression.swift; sourceTree = "<group>"; };
		563AE1CF19FC446A0028C6C1 /* VariableTag.swift */ = {isa = PBXFileReference; fileEncoding = 4; lastKnownFileType = sourcecode.swift; path = VariableTag.swift; sourceTree = "<group>"; };
		563AE1D219FC45400028C6C1 /* TemplateRepository.swift */ = {isa = PBXFileReference; fileEncoding = 4; lastKnownFileType = sourcecode.swift; path = TemplateRepository.swift; sourceTree = "<group>"; };
		563AE1D419FC48330028C6C1 /* Template.swift */ = {isa = PBXFileReference; fileEncoding = 4; lastKnownFileType = sourcecode.swift; path = Template.swift; sourceTree = "<group>"; };
		563AE1D719FC4A450028C6C1 /* Context.swift */ = {isa = PBXFileReference; fileEncoding = 4; lastKnownFileType = sourcecode.swift; path = Context.swift; sourceTree = "<group>"; };
		563AE1EB19FC55920028C6C1 /* RenderingEngine.swift */ = {isa = PBXFileReference; fileEncoding = 4; lastKnownFileType = sourcecode.swift; lineEnding = 0; path = RenderingEngine.swift; sourceTree = "<group>"; xcLanguageSpecificationIdentifier = xcode.lang.swift; };
		563AE1EE19FC5A2E0028C6C1 /* TemplateASTVisitor.swift */ = {isa = PBXFileReference; fileEncoding = 4; lastKnownFileType = sourcecode.swift; path = TemplateASTVisitor.swift; sourceTree = "<group>"; };
		563AE1F119FC5A940028C6C1 /* InheritablePartialNode.swift */ = {isa = PBXFileReference; fileEncoding = 4; lastKnownFileType = sourcecode.swift; path = InheritablePartialNode.swift; sourceTree = "<group>"; };
		563AE1F419FC5ACD0028C6C1 /* InheritableSectionNode.swift */ = {isa = PBXFileReference; fileEncoding = 4; lastKnownFileType = sourcecode.swift; path = InheritableSectionNode.swift; sourceTree = "<group>"; };
		563AE1F719FC5AF80028C6C1 /* PartialNode.swift */ = {isa = PBXFileReference; fileEncoding = 4; lastKnownFileType = sourcecode.swift; path = PartialNode.swift; sourceTree = "<group>"; };
		563AE1FA19FC5B860028C6C1 /* SectionTag.swift */ = {isa = PBXFileReference; fileEncoding = 4; lastKnownFileType = sourcecode.swift; path = SectionTag.swift; sourceTree = "<group>"; };
		563AE1FD19FC5DEC0028C6C1 /* TranslateCharacters.swift */ = {isa = PBXFileReference; fileEncoding = 4; lastKnownFileType = sourcecode.swift; lineEnding = 0; path = TranslateCharacters.swift; sourceTree = "<group>"; xcLanguageSpecificationIdentifier = xcode.lang.swift; };
		563AE20019FC62330028C6C1 /* Tag.swift */ = {isa = PBXFileReference; fileEncoding = 4; lastKnownFileType = sourcecode.swift; path = Tag.swift; sourceTree = "<group>"; };
		563AE20319FC643C0028C6C1 /* ExpressionInvocation.swift */ = {isa = PBXFileReference; fileEncoding = 4; lastKnownFileType = sourcecode.swift; path = ExpressionInvocation.swift; sourceTree = "<group>"; };
		563AE20919FD090F0028C6C1 /* ExpressionVisitor.swift */ = {isa = PBXFileReference; fileEncoding = 4; lastKnownFileType = sourcecode.swift; path = ExpressionVisitor.swift; sourceTree = "<group>"; };
		564717301A18EAE600E383F9 /* FilterTests.swift */ = {isa = PBXFileReference; fileEncoding = 4; lastKnownFileType = sourcecode.swift; path = FilterTests.swift; sourceTree = "<group>"; };
		5674F3721A1CC417000CE8CB /* NSFormatter.swift */ = {isa = PBXFileReference; fileEncoding = 4; lastKnownFileType = sourcecode.swift; path = NSFormatter.swift; sourceTree = "<group>"; };
		5674F3741A1CC7B8000CE8CB /* NSFormatterTests.swift */ = {isa = PBXFileReference; fileEncoding = 4; lastKnownFileType = sourcecode.swift; path = NSFormatterTests.swift; sourceTree = "<group>"; };
		5685DAB31A1A2029003E583B /* LocalizerTestsBundle */ = {isa = PBXFileReference; lastKnownFileType = folder; path = LocalizerTestsBundle; sourceTree = "<group>"; };
		5685DAB51A1A2074003E583B /* LocalizerTests.swift */ = {isa = PBXFileReference; fileEncoding = 4; lastKnownFileType = sourcecode.swift; path = LocalizerTests.swift; sourceTree = "<group>"; };
		568A8DB41A20CAAC005C9CB4 /* GRMustache.framework */ = {isa = PBXFileReference; explicitFileType = wrapper.framework; includeInIndex = 0; path = GRMustache.framework; sourceTree = BUILT_PRODUCTS_DIR; };
		568A8DBE1A20CAAD005C9CB4 /* GRMustacheOSXTests.xctest */ = {isa = PBXFileReference; explicitFileType = wrapper.cfbundle; includeInIndex = 0; path = GRMustacheOSXTests.xctest; sourceTree = BUILT_PRODUCTS_DIR; };
		5698D0261A1626240039D564 /* MustacheInspectableTests.swift */ = {isa = PBXFileReference; fileEncoding = 4; lastKnownFileType = sourcecode.swift; path = MustacheInspectableTests.swift; sourceTree = "<group>"; };
		56A0B4661A19D95A008A719F /* ContextTests.swift */ = {isa = PBXFileReference; fileEncoding = 4; lastKnownFileType = sourcecode.swift; path = ContextTests.swift; sourceTree = "<group>"; };
		56A88EC71A066EC40055E40A /* MustacheRenderableTests.swift */ = {isa = PBXFileReference; fileEncoding = 4; lastKnownFileType = sourcecode.swift; path = MustacheRenderableTests.swift; sourceTree = "<group>"; };
		56AD06F619FE704700406BB8 /* Error.swift */ = {isa = PBXFileReference; fileEncoding = 4; lastKnownFileType = sourcecode.swift; path = Error.swift; sourceTree = "<group>"; };
		56B4019E1A1F643B002D5CD7 /* TagTests.mustache */ = {isa = PBXFileReference; fileEncoding = 4; lastKnownFileType = text; path = TagTests.mustache; sourceTree = "<group>"; };
		56B4019F1A1F643B002D5CD7 /* TagTests.swift */ = {isa = PBXFileReference; fileEncoding = 4; lastKnownFileType = sourcecode.swift; path = TagTests.swift; sourceTree = "<group>"; };
		56BA491F1A221ECB0029FD45 /* MustacheRenderableGuideTests.swift */ = {isa = PBXFileReference; fileEncoding = 4; lastKnownFileType = sourcecode.swift; path = MustacheRenderableGuideTests.swift; sourceTree = "<group>"; };
		56BD793F1A0E381900937A76 /* Value.swift */ = {isa = PBXFileReference; fileEncoding = 4; lastKnownFileType = sourcecode.swift; path = Value.swift; sourceTree = "<group>"; };
		56BF06571A063DC800926BEB /* URLEscape.swift */ = {isa = PBXFileReference; fileEncoding = 4; lastKnownFileType = sourcecode.swift; path = URLEscape.swift; sourceTree = "<group>"; };
		56BF065A1A063DE600926BEB /* JavascriptEscape.swift */ = {isa = PBXFileReference; fileEncoding = 4; lastKnownFileType = sourcecode.swift; path = JavascriptEscape.swift; sourceTree = "<group>"; };
		56BF06AF1A064FE900926BEB /* GRMustacheSuiteTests.swift */ = {isa = PBXFileReference; fileEncoding = 4; lastKnownFileType = sourcecode.swift; path = GRMustacheSuiteTests.swift; sourceTree = "<group>"; };
		56BF06C21A06500500926BEB /* GRMustacheSuite */ = {isa = PBXFileReference; lastKnownFileType = folder; path = GRMustacheSuite; sourceTree = "<group>"; };
		56BF06C41A0650B400926BEB /* FoundationCollectionTests.swift */ = {isa = PBXFileReference; fileEncoding = 4; lastKnownFileType = sourcecode.swift; path = FoundationCollectionTests.swift; sourceTree = "<group>"; };
		56C8D6DB1A1DCB9500F106F8 /* StandardLibraryTests.swift */ = {isa = PBXFileReference; fileEncoding = 4; lastKnownFileType = sourcecode.swift; path = StandardLibraryTests.swift; sourceTree = "<group>"; };
		56C8D6E01A1F1A4700F106F8 /* ValueTests.swift */ = {isa = PBXFileReference; fileEncoding = 4; lastKnownFileType = sourcecode.swift; path = ValueTests.swift; sourceTree = "<group>"; };
		56C8D6E31A1F1AD800F106F8 /* ReadMeExample1.mustache */ = {isa = PBXFileReference; fileEncoding = 4; lastKnownFileType = text; path = ReadMeExample1.mustache; sourceTree = "<group>"; };
		56C8D6E41A1F1AD800F106F8 /* ReadMeExample2.mustache */ = {isa = PBXFileReference; fileEncoding = 4; lastKnownFileType = text; path = ReadMeExample2.mustache; sourceTree = "<group>"; };
		56C8D6E51A1F1AD800F106F8 /* ReadMeTests.swift */ = {isa = PBXFileReference; fileEncoding = 4; lastKnownFileType = sourcecode.swift; path = ReadMeTests.swift; sourceTree = "<group>"; };
		56CC2C9A1A000C6D00CBD45A /* ImplicitIteratorExpression.swift */ = {isa = PBXFileReference; fileEncoding = 4; lastKnownFileType = sourcecode.swift; path = ImplicitIteratorExpression.swift; sourceTree = "<group>"; };
		56CC2C9D1A000CEB00CBD45A /* FilteredExpression.swift */ = {isa = PBXFileReference; fileEncoding = 4; lastKnownFileType = sourcecode.swift; path = FilteredExpression.swift; sourceTree = "<group>"; };
		56CC2CA01A000EE400CBD45A /* ScopedExpression.swift */ = {isa = PBXFileReference; fileEncoding = 4; lastKnownFileType = sourcecode.swift; path = ScopedExpression.swift; sourceTree = "<group>"; };
		56FC9C841A17CD0C0020AAF8 /* ConfigurationBaseContextTests.swift */ = {isa = PBXFileReference; fileEncoding = 4; lastKnownFileType = sourcecode.swift; path = ConfigurationBaseContextTests.swift; sourceTree = "<group>"; };
		56FC9C851A17CD0C0020AAF8 /* ConfigurationContentTypeTests.swift */ = {isa = PBXFileReference; fileEncoding = 4; lastKnownFileType = sourcecode.swift; path = ConfigurationContentTypeTests.swift; sourceTree = "<group>"; };
		56FC9C861A17CD0C0020AAF8 /* ConfigurationExtendBaseContextTests.swift */ = {isa = PBXFileReference; fileEncoding = 4; lastKnownFileType = sourcecode.swift; path = ConfigurationExtendBaseContextTests.swift; sourceTree = "<group>"; };
		56FC9C871A17CD0C0020AAF8 /* ConfigurationTagDelimitersTests.swift */ = {isa = PBXFileReference; fileEncoding = 4; lastKnownFileType = sourcecode.swift; path = ConfigurationTagDelimitersTests.swift; sourceTree = "<group>"; };
		56FC9C891A17CD0C0020AAF8 /* ContextValueForMustacheExpressionTests.swift */ = {isa = PBXFileReference; fileEncoding = 4; lastKnownFileType = sourcecode.swift; path = ContextValueForMustacheExpressionTests.swift; sourceTree = "<group>"; };
		56FC9C901A189FA70020AAF8 /* VariadicFilterTests.swift */ = {isa = PBXFileReference; fileEncoding = 4; lastKnownFileType = sourcecode.swift; path = VariadicFilterTests.swift; sourceTree = "<group>"; };
/* End PBXFileReference section */

/* Begin PBXFrameworksBuildPhase section */
		563AE19319FBE47A0028C6C1 /* Frameworks */ = {
			isa = PBXFrameworksBuildPhase;
			buildActionMask = 2147483647;
			files = (
			);
			runOnlyForDeploymentPostprocessing = 0;
		};
		563AE19F19FBE47A0028C6C1 /* Frameworks */ = {
			isa = PBXFrameworksBuildPhase;
			buildActionMask = 2147483647;
			files = (
				563AE1A319FBE47A0028C6C1 /* GRMustache.framework in Frameworks */,
			);
			runOnlyForDeploymentPostprocessing = 0;
		};
		568A8DB01A20CAAC005C9CB4 /* Frameworks */ = {
			isa = PBXFrameworksBuildPhase;
			buildActionMask = 2147483647;
			files = (
			);
			runOnlyForDeploymentPostprocessing = 0;
		};
		568A8DBB1A20CAAD005C9CB4 /* Frameworks */ = {
			isa = PBXFrameworksBuildPhase;
			buildActionMask = 2147483647;
			files = (
				568A8DBF1A20CAAD005C9CB4 /* GRMustache.framework in Frameworks */,
			);
			runOnlyForDeploymentPostprocessing = 0;
		};
/* End PBXFrameworksBuildPhase section */

/* Begin PBXGroup section */
		5602507E1A1E0A82008E4BD6 /* TagObserverTests */ = {
			isa = PBXGroup;
			children = (
				5602507F1A1E0A93008E4BD6 /* TagObserverTests.swift */,
			);
			path = TagObserverTests;
			sourceTree = "<group>";
		};
		5622F1F31A02E98F00B5D3F8 /* Services */ = {
			isa = PBXGroup;
			children = (
				5622F1FA1A0355EE00B5D3F8 /* EachFilter.swift */,
				5622F2001A054D5800B5D3F8 /* HTMLEscape.swift */,
				56BF065A1A063DE600926BEB /* JavascriptEscape.swift */,
				5622F1F71A03535700B5D3F8 /* Localizer.swift */,
				5622F1F41A02E98F00B5D3F8 /* StandardLibrary.swift */,
				56BF06571A063DC800926BEB /* URLEscape.swift */,
				5674F3721A1CC417000CE8CB /* NSFormatter.swift */,
			);
			path = Services;
			sourceTree = "<group>";
		};
		563AE18D19FBE4790028C6C1 = {
			isa = PBXGroup;
			children = (
				563AE19919FBE47A0028C6C1 /* GRMustache */,
				563AE1A619FBE47A0028C6C1 /* GRMustacheTests */,
				563AE19819FBE47A0028C6C1 /* Products */,
			);
			sourceTree = "<group>";
		};
		563AE19819FBE47A0028C6C1 /* Products */ = {
			isa = PBXGroup;
			children = (
				563AE19719FBE47A0028C6C1 /* GRMustache.framework */,
				563AE1A219FBE47A0028C6C1 /* GRMustacheiOSTests.xctest */,
				568A8DB41A20CAAC005C9CB4 /* GRMustache.framework */,
				568A8DBE1A20CAAD005C9CB4 /* GRMustacheOSXTests.xctest */,
			);
			name = Products;
			sourceTree = "<group>";
		};
		563AE19919FBE47A0028C6C1 /* GRMustache */ = {
			isa = PBXGroup;
			children = (
				563AE19C19FBE47A0028C6C1 /* GRMustache.h */,
				563AE1BB19FC26F00028C6C1 /* Compiling */,
				563AE1B819FBE6E80028C6C1 /* Configuration */,
				563AE1B319FBE4D90028C6C1 /* Parsing */,
				563AE1D619FC4A360028C6C1 /* Rendering */,
				5622F1F31A02E98F00B5D3F8 /* Services */,
				563AE1C319FC2A2A0028C6C1 /* Shared */,
				563AE1D119FC45350028C6C1 /* Template */,
				563AE19A19FBE47A0028C6C1 /* Supporting Files */,
			);
			path = GRMustache;
			sourceTree = "<group>";
		};
		563AE19A19FBE47A0028C6C1 /* Supporting Files */ = {
			isa = PBXGroup;
			children = (
				563AE19B19FBE47A0028C6C1 /* Info.plist */,
			);
			name = "Supporting Files";
			sourceTree = "<group>";
		};
		563AE1A619FBE47A0028C6C1 /* GRMustacheTests */ = {
			isa = PBXGroup;
			children = (
				56BF069B1A064FE900926BEB /* Public */,
				563AE1A719FBE47A0028C6C1 /* Supporting Files */,
			);
			path = GRMustacheTests;
			sourceTree = "<group>";
		};
		563AE1A719FBE47A0028C6C1 /* Supporting Files */ = {
			isa = PBXGroup;
			children = (
				563AE1A819FBE47A0028C6C1 /* Info.plist */,
			);
			name = "Supporting Files";
			sourceTree = "<group>";
		};
		563AE1B319FBE4D90028C6C1 /* Parsing */ = {
			isa = PBXGroup;
			children = (
				563AE1C819FC38B80028C6C1 /* ExpressionParser.swift */,
				563AE1B419FBE4FF0028C6C1 /* TemplateParser.swift */,
				563AE1B619FBE6220028C6C1 /* TemplateToken.swift */,
			);
			path = Parsing;
			sourceTree = "<group>";
		};
		563AE1B819FBE6E80028C6C1 /* Configuration */ = {
			isa = PBXGroup;
			children = (
				563AE1B919FBE6F40028C6C1 /* Configuration.swift */,
			);
			path = Configuration;
			sourceTree = "<group>";
		};
		563AE1BB19FC26F00028C6C1 /* Compiling */ = {
			isa = PBXGroup;
			children = (
				563AE1CA19FC39C10028C6C1 /* Expression */,
				563AE1BE19FC29B30028C6C1 /* TemplateAST */,
				563AE1BC19FC27040028C6C1 /* TemplateCompiler.swift */,
			);
			path = Compiling;
			sourceTree = "<group>";
		};
		563AE1BE19FC29B30028C6C1 /* TemplateAST */ = {
			isa = PBXGroup;
			children = (
				563AE1F119FC5A940028C6C1 /* InheritablePartialNode.swift */,
				563AE1F419FC5ACD0028C6C1 /* InheritableSectionNode.swift */,
				563AE1F719FC5AF80028C6C1 /* PartialNode.swift */,
				563AE1FA19FC5B860028C6C1 /* SectionTag.swift */,
				563AE20019FC62330028C6C1 /* Tag.swift */,
				563AE1BF19FC29BF0028C6C1 /* TemplateAST.swift */,
				563AE1C119FC29E70028C6C1 /* TemplateASTNode.swift */,
				563AE1EE19FC5A2E0028C6C1 /* TemplateASTVisitor.swift */,
				563AE1C619FC364B0028C6C1 /* TextNode.swift */,
				563AE1CF19FC446A0028C6C1 /* VariableTag.swift */,
			);
			path = TemplateAST;
			sourceTree = "<group>";
		};
		563AE1C319FC2A2A0028C6C1 /* Shared */ = {
			isa = PBXGroup;
			children = (
				56AD06F619FE704700406BB8 /* Error.swift */,
				563AE1FD19FC5DEC0028C6C1 /* TranslateCharacters.swift */,
			);
			path = Shared;
			sourceTree = "<group>";
		};
		563AE1CA19FC39C10028C6C1 /* Expression */ = {
			isa = PBXGroup;
			children = (
				563AE1CB19FC3A030028C6C1 /* Expression.swift */,
				563AE20919FD090F0028C6C1 /* ExpressionVisitor.swift */,
				56CC2C9D1A000CEB00CBD45A /* FilteredExpression.swift */,
				563AE1CD19FC3A290028C6C1 /* IdentifierExpression.swift */,
				56CC2C9A1A000C6D00CBD45A /* ImplicitIteratorExpression.swift */,
				56CC2CA01A000EE400CBD45A /* ScopedExpression.swift */,
			);
			path = Expression;
			sourceTree = "<group>";
		};
		563AE1D119FC45350028C6C1 /* Template */ = {
			isa = PBXGroup;
			children = (
				563AE1D419FC48330028C6C1 /* Template.swift */,
				563AE1D219FC45400028C6C1 /* TemplateRepository.swift */,
			);
			path = Template;
			sourceTree = "<group>";
		};
		563AE1D619FC4A360028C6C1 /* Rendering */ = {
			isa = PBXGroup;
			children = (
				563AE1D719FC4A450028C6C1 /* Context.swift */,
				563AE20319FC643C0028C6C1 /* ExpressionInvocation.swift */,
				563AE1EB19FC55920028C6C1 /* RenderingEngine.swift */,
				56BD793F1A0E381900937A76 /* Value.swift */,
			);
			path = Rendering;
			sourceTree = "<group>";
		};
		5685DAAD1A1A201E003E583B /* ServicesTests */ = {
			isa = PBXGroup;
			children = (
				5685DAB31A1A2029003E583B /* LocalizerTestsBundle */,
				5685DAB51A1A2074003E583B /* LocalizerTests.swift */,
				5674F3741A1CC7B8000CE8CB /* NSFormatterTests.swift */,
				56C8D6DB1A1DCB9500F106F8 /* StandardLibraryTests.swift */,
			);
			path = ServicesTests;
			sourceTree = "<group>";
		};
		56B4019D1A1F643B002D5CD7 /* TagTests */ = {
			isa = PBXGroup;
			children = (
				5629A7C61A1F676600D41F7C /* TagTests_wrapper.mustache */,
				56B4019E1A1F643B002D5CD7 /* TagTests.mustache */,
				56B4019F1A1F643B002D5CD7 /* TagTests.swift */,
			);
			path = TagTests;
			sourceTree = "<group>";
		};
		56BF069B1A064FE900926BEB /* Public */ = {
			isa = PBXGroup;
			children = (
				56FC9C831A17CD0C0020AAF8 /* ConfigurationTests */,
				56FC9C881A17CD0C0020AAF8 /* ContextTests */,
				56C8D6E21A1F1AD800F106F8 /* DocumentationTests */,
				56FC9C8F1A189F960020AAF8 /* FilterTests */,
				56BF06C41A0650B400926BEB /* FoundationCollectionTests.swift */,
				56BF069C1A064FE900926BEB /* GRMustacheSuite */,
				5698D0261A1626240039D564 /* MustacheInspectableTests.swift */,
				56A88EC71A066EC40055E40A /* MustacheRenderableTests.swift */,
				5685DAAD1A1A201E003E583B /* ServicesTests */,
				5602507E1A1E0A82008E4BD6 /* TagObserverTests */,
				56B4019D1A1F643B002D5CD7 /* TagTests */,
				56C8D6E01A1F1A4700F106F8 /* ValueTests.swift */,
			);
			path = Public;
			sourceTree = "<group>";
		};
		56BF069C1A064FE900926BEB /* GRMustacheSuite */ = {
			isa = PBXGroup;
			children = (
				56BF06C21A06500500926BEB /* GRMustacheSuite */,
				56BF06AF1A064FE900926BEB /* GRMustacheSuiteTests.swift */,
			);
			path = GRMustacheSuite;
			sourceTree = "<group>";
		};
		56C8D6E21A1F1AD800F106F8 /* DocumentationTests */ = {
			isa = PBXGroup;
			children = (
				56C8D6E31A1F1AD800F106F8 /* ReadMeExample1.mustache */,
				56C8D6E41A1F1AD800F106F8 /* ReadMeExample2.mustache */,
				56C8D6E51A1F1AD800F106F8 /* ReadMeTests.swift */,
				56BA491F1A221ECB0029FD45 /* MustacheRenderableGuideTests.swift */,
				561646931A23C11400F8ADE0 /* Movie.mustache */,
				561646951A23C12B00F8ADE0 /* Person.mustache */,
			);
			path = DocumentationTests;
			sourceTree = "<group>";
		};
		56FC9C831A17CD0C0020AAF8 /* ConfigurationTests */ = {
			isa = PBXGroup;
			children = (
				56FC9C841A17CD0C0020AAF8 /* ConfigurationBaseContextTests.swift */,
				56FC9C851A17CD0C0020AAF8 /* ConfigurationContentTypeTests.swift */,
				56FC9C861A17CD0C0020AAF8 /* ConfigurationExtendBaseContextTests.swift */,
				56FC9C871A17CD0C0020AAF8 /* ConfigurationTagDelimitersTests.swift */,
			);
			path = ConfigurationTests;
			sourceTree = "<group>";
		};
		56FC9C881A17CD0C0020AAF8 /* ContextTests */ = {
			isa = PBXGroup;
			children = (
				56A0B4661A19D95A008A719F /* ContextTests.swift */,
				56FC9C891A17CD0C0020AAF8 /* ContextValueForMustacheExpressionTests.swift */,
			);
			path = ContextTests;
			sourceTree = "<group>";
		};
		56FC9C8F1A189F960020AAF8 /* FilterTests */ = {
			isa = PBXGroup;
			children = (
				564717301A18EAE600E383F9 /* FilterTests.swift */,
				56FC9C901A189FA70020AAF8 /* VariadicFilterTests.swift */,
			);
			path = FilterTests;
			sourceTree = "<group>";
		};
/* End PBXGroup section */

/* Begin PBXHeadersBuildPhase section */
		563AE19419FBE47A0028C6C1 /* Headers */ = {
			isa = PBXHeadersBuildPhase;
			buildActionMask = 2147483647;
			files = (
				563AE19D19FBE47A0028C6C1 /* GRMustache.h in Headers */,
			);
			runOnlyForDeploymentPostprocessing = 0;
		};
		568A8DB11A20CAAC005C9CB4 /* Headers */ = {
			isa = PBXHeadersBuildPhase;
			buildActionMask = 2147483647;
			files = (
				568A8DCD1A20CB8D005C9CB4 /* GRMustache.h in Headers */,
			);
			runOnlyForDeploymentPostprocessing = 0;
		};
/* End PBXHeadersBuildPhase section */

/* Begin PBXNativeTarget section */
		563AE19619FBE47A0028C6C1 /* GRMustacheiOS */ = {
			isa = PBXNativeTarget;
			buildConfigurationList = 563AE1AD19FBE47A0028C6C1 /* Build configuration list for PBXNativeTarget "GRMustacheiOS" */;
			buildPhases = (
				563AE19219FBE47A0028C6C1 /* Sources */,
				563AE19319FBE47A0028C6C1 /* Frameworks */,
				563AE19419FBE47A0028C6C1 /* Headers */,
				563AE19519FBE47A0028C6C1 /* Resources */,
			);
			buildRules = (
			);
			dependencies = (
			);
			name = GRMustacheiOS;
			productName = GRMustache;
			productReference = 563AE19719FBE47A0028C6C1 /* GRMustache.framework */;
			productType = "com.apple.product-type.framework";
		};
		563AE1A119FBE47A0028C6C1 /* GRMustacheiOSTests */ = {
			isa = PBXNativeTarget;
			buildConfigurationList = 563AE1B019FBE47A0028C6C1 /* Build configuration list for PBXNativeTarget "GRMustacheiOSTests" */;
			buildPhases = (
				563AE19E19FBE47A0028C6C1 /* Sources */,
				563AE19F19FBE47A0028C6C1 /* Frameworks */,
				563AE1A019FBE47A0028C6C1 /* Resources */,
			);
			buildRules = (
			);
			dependencies = (
				563AE1A519FBE47A0028C6C1 /* PBXTargetDependency */,
			);
			name = GRMustacheiOSTests;
			productName = GRMustacheTests;
			productReference = 563AE1A219FBE47A0028C6C1 /* GRMustacheiOSTests.xctest */;
			productType = "com.apple.product-type.bundle.unit-test";
		};
		568A8DB31A20CAAC005C9CB4 /* GRMustacheOSX */ = {
			isa = PBXNativeTarget;
			buildConfigurationList = 568A8DCB1A20CAAD005C9CB4 /* Build configuration list for PBXNativeTarget "GRMustacheOSX" */;
			buildPhases = (
				568A8DAF1A20CAAC005C9CB4 /* Sources */,
				568A8DB01A20CAAC005C9CB4 /* Frameworks */,
				568A8DB11A20CAAC005C9CB4 /* Headers */,
				568A8DB21A20CAAC005C9CB4 /* Resources */,
			);
			buildRules = (
			);
			dependencies = (
			);
			name = GRMustacheOSX;
			productName = GRMustacheOSX;
			productReference = 568A8DB41A20CAAC005C9CB4 /* GRMustache.framework */;
			productType = "com.apple.product-type.framework";
		};
		568A8DBD1A20CAAD005C9CB4 /* GRMustacheOSXTests */ = {
			isa = PBXNativeTarget;
			buildConfigurationList = 568A8DCC1A20CAAD005C9CB4 /* Build configuration list for PBXNativeTarget "GRMustacheOSXTests" */;
			buildPhases = (
				568A8DBA1A20CAAD005C9CB4 /* Sources */,
				568A8DBB1A20CAAD005C9CB4 /* Frameworks */,
				568A8DBC1A20CAAD005C9CB4 /* Resources */,
			);
			buildRules = (
			);
			dependencies = (
				568A8DC11A20CAAD005C9CB4 /* PBXTargetDependency */,
			);
			name = GRMustacheOSXTests;
			productName = GRMustacheOSXTests;
			productReference = 568A8DBE1A20CAAD005C9CB4 /* GRMustacheOSXTests.xctest */;
			productType = "com.apple.product-type.bundle.unit-test";
		};
/* End PBXNativeTarget section */

/* Begin PBXProject section */
		563AE18E19FBE4790028C6C1 /* Project object */ = {
			isa = PBXProject;
			attributes = {
				LastUpgradeCheck = 0610;
				ORGANIZATIONNAME = "Gwendal Roué";
				TargetAttributes = {
					563AE19619FBE47A0028C6C1 = {
						CreatedOnToolsVersion = 6.1;
					};
					563AE1A119FBE47A0028C6C1 = {
						CreatedOnToolsVersion = 6.1;
					};
					568A8DB31A20CAAC005C9CB4 = {
						CreatedOnToolsVersion = 6.1;
					};
					568A8DBD1A20CAAD005C9CB4 = {
						CreatedOnToolsVersion = 6.1;
					};
				};
			};
			buildConfigurationList = 563AE19119FBE4790028C6C1 /* Build configuration list for PBXProject "GRMustache" */;
			compatibilityVersion = "Xcode 3.2";
			developmentRegion = English;
			hasScannedForEncodings = 0;
			knownRegions = (
				en,
			);
			mainGroup = 563AE18D19FBE4790028C6C1;
			productRefGroup = 563AE19819FBE47A0028C6C1 /* Products */;
			projectDirPath = "";
			projectRoot = "";
			targets = (
				563AE19619FBE47A0028C6C1 /* GRMustacheiOS */,
				563AE1A119FBE47A0028C6C1 /* GRMustacheiOSTests */,
				568A8DB31A20CAAC005C9CB4 /* GRMustacheOSX */,
				568A8DBD1A20CAAD005C9CB4 /* GRMustacheOSXTests */,
			);
		};
/* End PBXProject section */

/* Begin PBXResourcesBuildPhase section */
		563AE19519FBE47A0028C6C1 /* Resources */ = {
			isa = PBXResourcesBuildPhase;
			buildActionMask = 2147483647;
			files = (
			);
			runOnlyForDeploymentPostprocessing = 0;
		};
		563AE1A019FBE47A0028C6C1 /* Resources */ = {
			isa = PBXResourcesBuildPhase;
			buildActionMask = 2147483647;
			files = (
				56BF06C31A06500500926BEB /* GRMustacheSuite in Resources */,
				561646971A23C21B00F8ADE0 /* Movie.mustache in Resources */,
				5685DAB41A1A2029003E583B /* LocalizerTestsBundle in Resources */,
				5629A7C71A1F676600D41F7C /* TagTests_wrapper.mustache in Resources */,
				56C8D6E61A1F1AD800F106F8 /* ReadMeExample1.mustache in Resources */,
				56B401A01A1F643B002D5CD7 /* TagTests.mustache in Resources */,
				561646981A23C21B00F8ADE0 /* Person.mustache in Resources */,
				56C8D6E71A1F1AD800F106F8 /* ReadMeExample2.mustache in Resources */,
			);
			runOnlyForDeploymentPostprocessing = 0;
		};
		568A8DB21A20CAAC005C9CB4 /* Resources */ = {
			isa = PBXResourcesBuildPhase;
			buildActionMask = 2147483647;
			files = (
			);
			runOnlyForDeploymentPostprocessing = 0;
		};
		568A8DBC1A20CAAD005C9CB4 /* Resources */ = {
			isa = PBXResourcesBuildPhase;
			buildActionMask = 2147483647;
			files = (
				568A8E001A20CBE3005C9CB4 /* ReadMeExample1.mustache in Resources */,
				561646991A23C21B00F8ADE0 /* Movie.mustache in Resources */,
				568A8E011A20CBE3005C9CB4 /* ReadMeExample2.mustache in Resources */,
				568A8E091A20CBF7005C9CB4 /* TagTests.mustache in Resources */,
				568A8E081A20CBF7005C9CB4 /* TagTests_wrapper.mustache in Resources */,
				568A8E031A20CBEC005C9CB4 /* LocalizerTestsBundle in Resources */,
				5616469A1A23C21B00F8ADE0 /* Person.mustache in Resources */,
				568A8DFC1A20CBD4005C9CB4 /* GRMustacheSuite in Resources */,
			);
			runOnlyForDeploymentPostprocessing = 0;
		};
/* End PBXResourcesBuildPhase section */

/* Begin PBXSourcesBuildPhase section */
		563AE19219FBE47A0028C6C1 /* Sources */ = {
			isa = PBXSourcesBuildPhase;
			buildActionMask = 2147483647;
			files = (
				56CC2C9B1A000C6D00CBD45A /* ImplicitIteratorExpression.swift in Sources */,
				563AE20119FC62330028C6C1 /* Tag.swift in Sources */,
				563AE1C719FC364B0028C6C1 /* TextNode.swift in Sources */,
				563AE1D019FC446A0028C6C1 /* VariableTag.swift in Sources */,
				56BD79401A0E381900937A76 /* Value.swift in Sources */,
				563AE1FB19FC5B860028C6C1 /* SectionTag.swift in Sources */,
				56BF06581A063DC800926BEB /* URLEscape.swift in Sources */,
				563AE1C919FC38B80028C6C1 /* ExpressionParser.swift in Sources */,
				563AE1FE19FC5DEC0028C6C1 /* TranslateCharacters.swift in Sources */,
				563AE1D819FC4A450028C6C1 /* Context.swift in Sources */,
				56BF065B1A063DE600926BEB /* JavascriptEscape.swift in Sources */,
				56AD06F719FE704700406BB8 /* Error.swift in Sources */,
				563AE1F519FC5ACD0028C6C1 /* InheritableSectionNode.swift in Sources */,
				563AE1BD19FC27040028C6C1 /* TemplateCompiler.swift in Sources */,
				563AE1F819FC5AF80028C6C1 /* PartialNode.swift in Sources */,
				563AE20A19FD090F0028C6C1 /* ExpressionVisitor.swift in Sources */,
				563AE1D319FC45400028C6C1 /* TemplateRepository.swift in Sources */,
				56CC2C9E1A000CEB00CBD45A /* FilteredExpression.swift in Sources */,
				563AE1D519FC48330028C6C1 /* Template.swift in Sources */,
				5622F1FB1A0355EE00B5D3F8 /* EachFilter.swift in Sources */,
				563AE1EF19FC5A2E0028C6C1 /* TemplateASTVisitor.swift in Sources */,
				563AE1BA19FBE6F40028C6C1 /* Configuration.swift in Sources */,
				563AE1B519FBE4FF0028C6C1 /* TemplateParser.swift in Sources */,
				5622F1F51A02E98F00B5D3F8 /* StandardLibrary.swift in Sources */,
				563AE1F219FC5A940028C6C1 /* InheritablePartialNode.swift in Sources */,
				5622F1F81A03535700B5D3F8 /* Localizer.swift in Sources */,
				563AE1EC19FC55920028C6C1 /* RenderingEngine.swift in Sources */,
				5674F3731A1CC417000CE8CB /* NSFormatter.swift in Sources */,
				5622F2011A054D5800B5D3F8 /* HTMLEscape.swift in Sources */,
				563AE1B719FBE6220028C6C1 /* TemplateToken.swift in Sources */,
				563AE1C219FC29E70028C6C1 /* TemplateASTNode.swift in Sources */,
				563AE1C019FC29BF0028C6C1 /* TemplateAST.swift in Sources */,
				563AE1CE19FC3A290028C6C1 /* IdentifierExpression.swift in Sources */,
				56CC2CA11A000EE400CBD45A /* ScopedExpression.swift in Sources */,
				563AE20419FC643C0028C6C1 /* ExpressionInvocation.swift in Sources */,
				563AE1CC19FC3A030028C6C1 /* Expression.swift in Sources */,
			);
			runOnlyForDeploymentPostprocessing = 0;
		};
		563AE19E19FBE47A0028C6C1 /* Sources */ = {
			isa = PBXSourcesBuildPhase;
			buildActionMask = 2147483647;
			files = (
				560250801A1E0A93008E4BD6 /* TagObserverTests.swift in Sources */,
				56A88EC81A066EC40055E40A /* MustacheRenderableTests.swift in Sources */,
				564717311A18EAE600E383F9 /* FilterTests.swift in Sources */,
				56FC9C911A189FA70020AAF8 /* VariadicFilterTests.swift in Sources */,
				56BA49201A221ECB0029FD45 /* MustacheRenderableGuideTests.swift in Sources */,
				56B401A11A1F643B002D5CD7 /* TagTests.swift in Sources */,
				5698D0271A1626240039D564 /* MustacheInspectableTests.swift in Sources */,
				56FC9C8A1A17CD0C0020AAF8 /* ConfigurationBaseContextTests.swift in Sources */,
				56BF06C11A064FE900926BEB /* GRMustacheSuiteTests.swift in Sources */,
				56C8D6E81A1F1AD800F106F8 /* ReadMeTests.swift in Sources */,
				56C8D6E11A1F1A4700F106F8 /* ValueTests.swift in Sources */,
				5674F3751A1CC7B8000CE8CB /* NSFormatterTests.swift in Sources */,
				56FC9C8E1A17CD0C0020AAF8 /* ContextValueForMustacheExpressionTests.swift in Sources */,
				56FC9C8B1A17CD0C0020AAF8 /* ConfigurationContentTypeTests.swift in Sources */,
				56FC9C8D1A17CD0C0020AAF8 /* ConfigurationTagDelimitersTests.swift in Sources */,
				56A0B4671A19D95A008A719F /* ContextTests.swift in Sources */,
				56BF06C51A0650B400926BEB /* FoundationCollectionTests.swift in Sources */,
				56FC9C8C1A17CD0C0020AAF8 /* ConfigurationExtendBaseContextTests.swift in Sources */,
				56C8D6DC1A1DCB9500F106F8 /* StandardLibraryTests.swift in Sources */,
				5685DAB61A1A2074003E583B /* LocalizerTests.swift in Sources */,
			);
			runOnlyForDeploymentPostprocessing = 0;
		};
		568A8DAF1A20CAAC005C9CB4 /* Sources */ = {
			isa = PBXSourcesBuildPhase;
			buildActionMask = 2147483647;
			files = (
				568A8DEB1A20CBB1005C9CB4 /* StandardLibrary.swift in Sources */,
				568A8DED1A20CBB1005C9CB4 /* NSFormatter.swift in Sources */,
				568A8DE71A20CBB1005C9CB4 /* EachFilter.swift in Sources */,
				568A8DD91A20CB9B005C9CB4 /* TemplateAST.swift in Sources */,
				568A8DD11A20CB95005C9CB4 /* IdentifierExpression.swift in Sources */,
				568A8DE81A20CBB1005C9CB4 /* HTMLEscape.swift in Sources */,
				568A8DE41A20CBAD005C9CB4 /* ExpressionInvocation.swift in Sources */,
				568A8DD51A20CB9B005C9CB4 /* InheritableSectionNode.swift in Sources */,
				568A8DEA1A20CBB1005C9CB4 /* Localizer.swift in Sources */,
				568A8DE51A20CBAD005C9CB4 /* RenderingEngine.swift in Sources */,
				568A8DDC1A20CB9B005C9CB4 /* TextNode.swift in Sources */,
				568A8DF01A20CBB7005C9CB4 /* TranslateCharacters.swift in Sources */,
				568A8DCF1A20CB95005C9CB4 /* ExpressionVisitor.swift in Sources */,
				568A8DEC1A20CBB1005C9CB4 /* URLEscape.swift in Sources */,
				568A8DDA1A20CB9B005C9CB4 /* TemplateASTNode.swift in Sources */,
				568A8DD21A20CB95005C9CB4 /* ImplicitIteratorExpression.swift in Sources */,
				568A8DD31A20CB95005C9CB4 /* ScopedExpression.swift in Sources */,
				568A8DDB1A20CB9B005C9CB4 /* TemplateASTVisitor.swift in Sources */,
				568A8DD01A20CB95005C9CB4 /* FilteredExpression.swift in Sources */,
				568A8DDE1A20CB9F005C9CB4 /* TemplateCompiler.swift in Sources */,
				568A8DE21A20CBA7005C9CB4 /* TemplateToken.swift in Sources */,
				568A8DF11A20CBBC005C9CB4 /* Template.swift in Sources */,
				568A8DD81A20CB9B005C9CB4 /* Tag.swift in Sources */,
				568A8DE91A20CBB1005C9CB4 /* JavascriptEscape.swift in Sources */,
				568A8DF21A20CBBC005C9CB4 /* TemplateRepository.swift in Sources */,
				568A8DDF1A20CBA3005C9CB4 /* Configuration.swift in Sources */,
				568A8DD71A20CB9B005C9CB4 /* SectionTag.swift in Sources */,
				568A8DE31A20CBAD005C9CB4 /* Context.swift in Sources */,
				568A8DEE1A20CBB7005C9CB4 /* Error.swift in Sources */,
				568A8DD41A20CB9B005C9CB4 /* InheritablePartialNode.swift in Sources */,
				568A8DD61A20CB9B005C9CB4 /* PartialNode.swift in Sources */,
				568A8DE11A20CBA7005C9CB4 /* TemplateParser.swift in Sources */,
				568A8DDD1A20CB9B005C9CB4 /* VariableTag.swift in Sources */,
				568A8DE61A20CBAD005C9CB4 /* Value.swift in Sources */,
				568A8DE01A20CBA7005C9CB4 /* ExpressionParser.swift in Sources */,
				568A8DCE1A20CB95005C9CB4 /* Expression.swift in Sources */,
			);
			runOnlyForDeploymentPostprocessing = 0;
		};
		568A8DBA1A20CAAD005C9CB4 /* Sources */ = {
			isa = PBXSourcesBuildPhase;
			buildActionMask = 2147483647;
			files = (
				568A8E071A20CBF4005C9CB4 /* TagObserverTests.swift in Sources */,
				568A8DFE1A20CBDD005C9CB4 /* MustacheInspectableTests.swift in Sources */,
				568A8DFA1A20CBCD005C9CB4 /* VariadicFilterTests.swift in Sources */,
				568A8E021A20CBE3005C9CB4 /* ReadMeTests.swift in Sources */,
				56BA49211A221ECB0029FD45 /* MustacheRenderableGuideTests.swift in Sources */,
				568A8DF91A20CBCD005C9CB4 /* FilterTests.swift in Sources */,
				568A8DF41A20CBC4005C9CB4 /* ConfigurationContentTypeTests.swift in Sources */,
				568A8DF61A20CBC4005C9CB4 /* ConfigurationTagDelimitersTests.swift in Sources */,
				568A8DFF1A20CBDD005C9CB4 /* MustacheRenderableTests.swift in Sources */,
				568A8E051A20CBF0005C9CB4 /* NSFormatterTests.swift in Sources */,
				568A8E0B1A20CBFE005C9CB4 /* ValueTests.swift in Sources */,
				568A8DF31A20CBC4005C9CB4 /* ConfigurationBaseContextTests.swift in Sources */,
				568A8E0A1A20CBFB005C9CB4 /* TagTests.swift in Sources */,
				568A8DF71A20CBC9005C9CB4 /* ContextTests.swift in Sources */,
				568A8DF51A20CBC4005C9CB4 /* ConfigurationExtendBaseContextTests.swift in Sources */,
				568A8DFB1A20CBD1005C9CB4 /* FoundationCollectionTests.swift in Sources */,
				568A8DF81A20CBC9005C9CB4 /* ContextValueForMustacheExpressionTests.swift in Sources */,
				568A8DFD1A20CBD9005C9CB4 /* GRMustacheSuiteTests.swift in Sources */,
				568A8E061A20CBF0005C9CB4 /* StandardLibraryTests.swift in Sources */,
				568A8E041A20CBF0005C9CB4 /* LocalizerTests.swift in Sources */,
			);
			runOnlyForDeploymentPostprocessing = 0;
		};
/* End PBXSourcesBuildPhase section */

/* Begin PBXTargetDependency section */
		563AE1A519FBE47A0028C6C1 /* PBXTargetDependency */ = {
			isa = PBXTargetDependency;
			target = 563AE19619FBE47A0028C6C1 /* GRMustacheiOS */;
			targetProxy = 563AE1A419FBE47A0028C6C1 /* PBXContainerItemProxy */;
		};
		568A8DC11A20CAAD005C9CB4 /* PBXTargetDependency */ = {
			isa = PBXTargetDependency;
			target = 568A8DB31A20CAAC005C9CB4 /* GRMustacheOSX */;
			targetProxy = 568A8DC01A20CAAD005C9CB4 /* PBXContainerItemProxy */;
		};
/* End PBXTargetDependency section */

/* Begin XCBuildConfiguration section */
		563AE1AB19FBE47A0028C6C1 /* Debug */ = {
			isa = XCBuildConfiguration;
			buildSettings = {
				ALWAYS_SEARCH_USER_PATHS = NO;
				CLANG_CXX_LANGUAGE_STANDARD = "gnu++0x";
				CLANG_CXX_LIBRARY = "libc++";
				CLANG_ENABLE_MODULES = YES;
				CLANG_ENABLE_OBJC_ARC = YES;
				CLANG_WARN_BOOL_CONVERSION = YES;
				CLANG_WARN_CONSTANT_CONVERSION = YES;
				CLANG_WARN_DIRECT_OBJC_ISA_USAGE = YES_ERROR;
				CLANG_WARN_EMPTY_BODY = YES;
				CLANG_WARN_ENUM_CONVERSION = YES;
				CLANG_WARN_INT_CONVERSION = YES;
				CLANG_WARN_OBJC_ROOT_CLASS = YES_ERROR;
				CLANG_WARN_UNREACHABLE_CODE = YES;
				CLANG_WARN__DUPLICATE_METHOD_MATCH = YES;
				"CODE_SIGN_IDENTITY[sdk=iphoneos*]" = "iPhone Developer";
				COPY_PHASE_STRIP = NO;
				CURRENT_PROJECT_VERSION = 1;
				ENABLE_STRICT_OBJC_MSGSEND = YES;
				GCC_C_LANGUAGE_STANDARD = gnu99;
				GCC_DYNAMIC_NO_PIC = NO;
				GCC_OPTIMIZATION_LEVEL = 0;
				GCC_PREPROCESSOR_DEFINITIONS = (
					"DEBUG=1",
					"$(inherited)",
				);
				GCC_SYMBOLS_PRIVATE_EXTERN = NO;
				GCC_WARN_64_TO_32_BIT_CONVERSION = YES;
				GCC_WARN_ABOUT_RETURN_TYPE = YES_ERROR;
				GCC_WARN_UNDECLARED_SELECTOR = YES;
				GCC_WARN_UNINITIALIZED_AUTOS = YES_AGGRESSIVE;
				GCC_WARN_UNUSED_FUNCTION = YES;
				GCC_WARN_UNUSED_VARIABLE = YES;
				MTL_ENABLE_DEBUG_INFO = YES;
				ONLY_ACTIVE_ARCH = YES;
				SDKROOT = iphoneos;
				SWIFT_OPTIMIZATION_LEVEL = "-Onone";
				VERSIONING_SYSTEM = "apple-generic";
				VERSION_INFO_PREFIX = "";
			};
			name = Debug;
		};
		563AE1AC19FBE47A0028C6C1 /* Release */ = {
			isa = XCBuildConfiguration;
			buildSettings = {
				ALWAYS_SEARCH_USER_PATHS = NO;
				CLANG_CXX_LANGUAGE_STANDARD = "gnu++0x";
				CLANG_CXX_LIBRARY = "libc++";
				CLANG_ENABLE_MODULES = YES;
				CLANG_ENABLE_OBJC_ARC = YES;
				CLANG_WARN_BOOL_CONVERSION = YES;
				CLANG_WARN_CONSTANT_CONVERSION = YES;
				CLANG_WARN_DIRECT_OBJC_ISA_USAGE = YES_ERROR;
				CLANG_WARN_EMPTY_BODY = YES;
				CLANG_WARN_ENUM_CONVERSION = YES;
				CLANG_WARN_INT_CONVERSION = YES;
				CLANG_WARN_OBJC_ROOT_CLASS = YES_ERROR;
				CLANG_WARN_UNREACHABLE_CODE = YES;
				CLANG_WARN__DUPLICATE_METHOD_MATCH = YES;
				"CODE_SIGN_IDENTITY[sdk=iphoneos*]" = "iPhone Developer";
				COPY_PHASE_STRIP = YES;
				CURRENT_PROJECT_VERSION = 1;
				ENABLE_NS_ASSERTIONS = NO;
				ENABLE_STRICT_OBJC_MSGSEND = YES;
				GCC_C_LANGUAGE_STANDARD = gnu99;
				GCC_WARN_64_TO_32_BIT_CONVERSION = YES;
				GCC_WARN_ABOUT_RETURN_TYPE = YES_ERROR;
				GCC_WARN_UNDECLARED_SELECTOR = YES;
				GCC_WARN_UNINITIALIZED_AUTOS = YES_AGGRESSIVE;
				GCC_WARN_UNUSED_FUNCTION = YES;
				GCC_WARN_UNUSED_VARIABLE = YES;
				MTL_ENABLE_DEBUG_INFO = NO;
				SDKROOT = iphoneos;
				VALIDATE_PRODUCT = YES;
				VERSIONING_SYSTEM = "apple-generic";
				VERSION_INFO_PREFIX = "";
			};
			name = Release;
		};
		563AE1AE19FBE47A0028C6C1 /* Debug */ = {
			isa = XCBuildConfiguration;
			buildSettings = {
				CLANG_ENABLE_MODULES = YES;
				DEFINES_MODULE = YES;
				DYLIB_COMPATIBILITY_VERSION = 1;
				DYLIB_CURRENT_VERSION = 1;
				DYLIB_INSTALL_NAME_BASE = "@rpath";
				INFOPLIST_FILE = GRMustache/Info.plist;
				INSTALL_PATH = "$(LOCAL_LIBRARY_DIR)/Frameworks";
				IPHONEOS_DEPLOYMENT_TARGET = 8.1;
				LD_RUNPATH_SEARCH_PATHS = "$(inherited) @executable_path/Frameworks @loader_path/Frameworks";
				PRODUCT_NAME = GRMustache;
				SKIP_INSTALL = YES;
				SWIFT_OPTIMIZATION_LEVEL = "-Onone";
				TARGETED_DEVICE_FAMILY = "1,2";
			};
			name = Debug;
		};
		563AE1AF19FBE47A0028C6C1 /* Release */ = {
			isa = XCBuildConfiguration;
			buildSettings = {
				CLANG_ENABLE_MODULES = YES;
				DEFINES_MODULE = YES;
				DYLIB_COMPATIBILITY_VERSION = 1;
				DYLIB_CURRENT_VERSION = 1;
				DYLIB_INSTALL_NAME_BASE = "@rpath";
				INFOPLIST_FILE = GRMustache/Info.plist;
				INSTALL_PATH = "$(LOCAL_LIBRARY_DIR)/Frameworks";
				IPHONEOS_DEPLOYMENT_TARGET = 8.1;
				LD_RUNPATH_SEARCH_PATHS = "$(inherited) @executable_path/Frameworks @loader_path/Frameworks";
				PRODUCT_NAME = GRMustache;
				SKIP_INSTALL = YES;
				TARGETED_DEVICE_FAMILY = "1,2";
			};
			name = Release;
		};
		563AE1B119FBE47A0028C6C1 /* Debug */ = {
			isa = XCBuildConfiguration;
			buildSettings = {
				FRAMEWORK_SEARCH_PATHS = (
					"$(SDKROOT)/Developer/Library/Frameworks",
					"$(inherited)",
				);
				GCC_PREPROCESSOR_DEFINITIONS = (
					"DEBUG=1",
					"$(inherited)",
				);
				INFOPLIST_FILE = GRMustacheTests/Info.plist;
				IPHONEOS_DEPLOYMENT_TARGET = 8.1;
				LD_RUNPATH_SEARCH_PATHS = "$(inherited) @executable_path/Frameworks @loader_path/Frameworks";
				PRODUCT_NAME = "$(TARGET_NAME)";
				TARGETED_DEVICE_FAMILY = "1,2";
			};
			name = Debug;
		};
		563AE1B219FBE47A0028C6C1 /* Release */ = {
			isa = XCBuildConfiguration;
			buildSettings = {
				FRAMEWORK_SEARCH_PATHS = (
					"$(SDKROOT)/Developer/Library/Frameworks",
					"$(inherited)",
				);
				INFOPLIST_FILE = GRMustacheTests/Info.plist;
				IPHONEOS_DEPLOYMENT_TARGET = 8.1;
				LD_RUNPATH_SEARCH_PATHS = "$(inherited) @executable_path/Frameworks @loader_path/Frameworks";
				PRODUCT_NAME = "$(TARGET_NAME)";
				TARGETED_DEVICE_FAMILY = "1,2";
			};
			name = Release;
		};
		568A8DC71A20CAAD005C9CB4 /* Debug */ = {
			isa = XCBuildConfiguration;
			buildSettings = {
				COMBINE_HIDPI_IMAGES = YES;
				DEFINES_MODULE = YES;
				DYLIB_COMPATIBILITY_VERSION = 1;
				DYLIB_CURRENT_VERSION = 1;
				DYLIB_INSTALL_NAME_BASE = "@rpath";
				FRAMEWORK_VERSION = A;
				INFOPLIST_FILE = GRMustache/Info.plist;
				INSTALL_PATH = "$(LOCAL_LIBRARY_DIR)/Frameworks";
				LD_RUNPATH_SEARCH_PATHS = "$(inherited) @executable_path/../Frameworks @loader_path/Frameworks";
				MACOSX_DEPLOYMENT_TARGET = 10.10;
				PRODUCT_NAME = GRMustache;
				SDKROOT = macosx;
				SKIP_INSTALL = YES;
			};
			name = Debug;
		};
		568A8DC81A20CAAD005C9CB4 /* Release */ = {
			isa = XCBuildConfiguration;
			buildSettings = {
				COMBINE_HIDPI_IMAGES = YES;
				DEBUG_INFORMATION_FORMAT = "dwarf-with-dsym";
				DEFINES_MODULE = YES;
				DYLIB_COMPATIBILITY_VERSION = 1;
				DYLIB_CURRENT_VERSION = 1;
				DYLIB_INSTALL_NAME_BASE = "@rpath";
				FRAMEWORK_VERSION = A;
				INFOPLIST_FILE = GRMustache/Info.plist;
				INSTALL_PATH = "$(LOCAL_LIBRARY_DIR)/Frameworks";
				LD_RUNPATH_SEARCH_PATHS = "$(inherited) @executable_path/../Frameworks @loader_path/Frameworks";
				MACOSX_DEPLOYMENT_TARGET = 10.10;
				PRODUCT_NAME = GRMustache;
				SDKROOT = macosx;
				SKIP_INSTALL = YES;
			};
			name = Release;
		};
		568A8DC91A20CAAD005C9CB4 /* Debug */ = {
			isa = XCBuildConfiguration;
			buildSettings = {
				COMBINE_HIDPI_IMAGES = YES;
				FRAMEWORK_SEARCH_PATHS = (
					"$(DEVELOPER_FRAMEWORKS_DIR)",
					"$(inherited)",
				);
				GCC_PREPROCESSOR_DEFINITIONS = (
					"DEBUG=1",
					"$(inherited)",
				);
				INFOPLIST_FILE = GRMustacheTests/Info.plist;
				LD_RUNPATH_SEARCH_PATHS = "$(inherited) @executable_path/../Frameworks @loader_path/../Frameworks";
				MACOSX_DEPLOYMENT_TARGET = 10.10;
				PRODUCT_NAME = "$(TARGET_NAME)";
				SDKROOT = macosx;
			};
			name = Debug;
		};
		568A8DCA1A20CAAD005C9CB4 /* Release */ = {
			isa = XCBuildConfiguration;
			buildSettings = {
				COMBINE_HIDPI_IMAGES = YES;
				DEBUG_INFORMATION_FORMAT = "dwarf-with-dsym";
				FRAMEWORK_SEARCH_PATHS = (
					"$(DEVELOPER_FRAMEWORKS_DIR)",
					"$(inherited)",
				);
				INFOPLIST_FILE = GRMustacheTests/Info.plist;
				LD_RUNPATH_SEARCH_PATHS = "$(inherited) @executable_path/../Frameworks @loader_path/../Frameworks";
				MACOSX_DEPLOYMENT_TARGET = 10.10;
				PRODUCT_NAME = "$(TARGET_NAME)";
				SDKROOT = macosx;
			};
			name = Release;
		};
/* End XCBuildConfiguration section */

/* Begin XCConfigurationList section */
		563AE19119FBE4790028C6C1 /* Build configuration list for PBXProject "GRMustache" */ = {
			isa = XCConfigurationList;
			buildConfigurations = (
				563AE1AB19FBE47A0028C6C1 /* Debug */,
				563AE1AC19FBE47A0028C6C1 /* Release */,
			);
			defaultConfigurationIsVisible = 0;
			defaultConfigurationName = Release;
		};
		563AE1AD19FBE47A0028C6C1 /* Build configuration list for PBXNativeTarget "GRMustacheiOS" */ = {
			isa = XCConfigurationList;
			buildConfigurations = (
				563AE1AE19FBE47A0028C6C1 /* Debug */,
				563AE1AF19FBE47A0028C6C1 /* Release */,
			);
			defaultConfigurationIsVisible = 0;
			defaultConfigurationName = Release;
		};
		563AE1B019FBE47A0028C6C1 /* Build configuration list for PBXNativeTarget "GRMustacheiOSTests" */ = {
			isa = XCConfigurationList;
			buildConfigurations = (
				563AE1B119FBE47A0028C6C1 /* Debug */,
				563AE1B219FBE47A0028C6C1 /* Release */,
			);
			defaultConfigurationIsVisible = 0;
			defaultConfigurationName = Release;
		};
		568A8DCB1A20CAAD005C9CB4 /* Build configuration list for PBXNativeTarget "GRMustacheOSX" */ = {
			isa = XCConfigurationList;
			buildConfigurations = (
				568A8DC71A20CAAD005C9CB4 /* Debug */,
				568A8DC81A20CAAD005C9CB4 /* Release */,
			);
			defaultConfigurationIsVisible = 0;
			defaultConfigurationName = Release;
		};
		568A8DCC1A20CAAD005C9CB4 /* Build configuration list for PBXNativeTarget "GRMustacheOSXTests" */ = {
			isa = XCConfigurationList;
			buildConfigurations = (
				568A8DC91A20CAAD005C9CB4 /* Debug */,
				568A8DCA1A20CAAD005C9CB4 /* Release */,
			);
			defaultConfigurationIsVisible = 0;
			defaultConfigurationName = Release;
		};
/* End XCConfigurationList section */
	};
	rootObject = 563AE18E19FBE4790028C6C1 /* Project object */;
}
