// !$*UTF8*$!
{
	archiveVersion = 1;
	classes = {
	};
	objectVersion = 46;
	objects = {

/* Begin PBXBuildFile section */
		5622F1F51A02E98F00B5D3F8 /* StandardLibrary.swift in Sources */ = {isa = PBXBuildFile; fileRef = 5622F1F41A02E98F00B5D3F8 /* StandardLibrary.swift */; };
		5622F1F61A02F62300B5D3F8 /* StandardLibrary.swift in Sources */ = {isa = PBXBuildFile; fileRef = 5622F1F41A02E98F00B5D3F8 /* StandardLibrary.swift */; };
		5622F1F81A03535700B5D3F8 /* Localizer.swift in Sources */ = {isa = PBXBuildFile; fileRef = 5622F1F71A03535700B5D3F8 /* Localizer.swift */; };
		5622F1F91A03546200B5D3F8 /* Localizer.swift in Sources */ = {isa = PBXBuildFile; fileRef = 5622F1F71A03535700B5D3F8 /* Localizer.swift */; };
		5622F1FB1A0355EE00B5D3F8 /* EachFilter.swift in Sources */ = {isa = PBXBuildFile; fileRef = 5622F1FA1A0355EE00B5D3F8 /* EachFilter.swift */; };
		5622F1FC1A0355FC00B5D3F8 /* EachFilter.swift in Sources */ = {isa = PBXBuildFile; fileRef = 5622F1FA1A0355EE00B5D3F8 /* EachFilter.swift */; };
		5622F1FE1A051FC400B5D3F8 /* MustacheCluster.swift in Sources */ = {isa = PBXBuildFile; fileRef = 5622F1FD1A051FC400B5D3F8 /* MustacheCluster.swift */; };
		5622F1FF1A051FF500B5D3F8 /* MustacheCluster.swift in Sources */ = {isa = PBXBuildFile; fileRef = 5622F1FD1A051FC400B5D3F8 /* MustacheCluster.swift */; };
		5622F2011A054D5800B5D3F8 /* HTMLEscape.swift in Sources */ = {isa = PBXBuildFile; fileRef = 5622F2001A054D5800B5D3F8 /* HTMLEscape.swift */; };
		5622F2021A0551DD00B5D3F8 /* HTMLEscape.swift in Sources */ = {isa = PBXBuildFile; fileRef = 5622F2001A054D5800B5D3F8 /* HTMLEscape.swift */; };
		56330A151A0A9CB7007A0ECE /* example1.mustache in Resources */ = {isa = PBXBuildFile; fileRef = 56330A141A0A9CB7007A0ECE /* example1.mustache */; };
		563AE19D19FBE47A0028C6C1 /* GRMustache.h in Headers */ = {isa = PBXBuildFile; fileRef = 563AE19C19FBE47A0028C6C1 /* GRMustache.h */; settings = {ATTRIBUTES = (Public, ); }; };
		563AE1A319FBE47A0028C6C1 /* GRMustache.framework in Frameworks */ = {isa = PBXBuildFile; fileRef = 563AE19719FBE47A0028C6C1 /* GRMustache.framework */; };
		563AE1AA19FBE47A0028C6C1 /* GRMustacheTests.swift in Sources */ = {isa = PBXBuildFile; fileRef = 563AE1A919FBE47A0028C6C1 /* GRMustacheTests.swift */; };
		563AE1B519FBE4FF0028C6C1 /* TemplateParser.swift in Sources */ = {isa = PBXBuildFile; fileRef = 563AE1B419FBE4FF0028C6C1 /* TemplateParser.swift */; };
		563AE1B719FBE6220028C6C1 /* TemplateToken.swift in Sources */ = {isa = PBXBuildFile; fileRef = 563AE1B619FBE6220028C6C1 /* TemplateToken.swift */; };
		563AE1BA19FBE6F40028C6C1 /* MustacheConfiguration.swift in Sources */ = {isa = PBXBuildFile; fileRef = 563AE1B919FBE6F40028C6C1 /* MustacheConfiguration.swift */; };
		563AE1BD19FC27040028C6C1 /* TemplateCompiler.swift in Sources */ = {isa = PBXBuildFile; fileRef = 563AE1BC19FC27040028C6C1 /* TemplateCompiler.swift */; };
		563AE1C019FC29BF0028C6C1 /* TemplateAST.swift in Sources */ = {isa = PBXBuildFile; fileRef = 563AE1BF19FC29BF0028C6C1 /* TemplateAST.swift */; };
		563AE1C219FC29E70028C6C1 /* TemplateASTNode.swift in Sources */ = {isa = PBXBuildFile; fileRef = 563AE1C119FC29E70028C6C1 /* TemplateASTNode.swift */; };
		563AE1C519FC2A380028C6C1 /* ContentType.swift in Sources */ = {isa = PBXBuildFile; fileRef = 563AE1C419FC2A380028C6C1 /* ContentType.swift */; };
		563AE1C719FC364B0028C6C1 /* TextNode.swift in Sources */ = {isa = PBXBuildFile; fileRef = 563AE1C619FC364B0028C6C1 /* TextNode.swift */; };
		563AE1C919FC38B80028C6C1 /* ExpressionParser.swift in Sources */ = {isa = PBXBuildFile; fileRef = 563AE1C819FC38B80028C6C1 /* ExpressionParser.swift */; };
		563AE1CC19FC3A030028C6C1 /* Expression.swift in Sources */ = {isa = PBXBuildFile; fileRef = 563AE1CB19FC3A030028C6C1 /* Expression.swift */; };
		563AE1CE19FC3A290028C6C1 /* IdentifierExpression.swift in Sources */ = {isa = PBXBuildFile; fileRef = 563AE1CD19FC3A290028C6C1 /* IdentifierExpression.swift */; };
		563AE1D019FC446A0028C6C1 /* VariableTag.swift in Sources */ = {isa = PBXBuildFile; fileRef = 563AE1CF19FC446A0028C6C1 /* VariableTag.swift */; };
		563AE1D319FC45400028C6C1 /* MustacheTemplateRepository.swift in Sources */ = {isa = PBXBuildFile; fileRef = 563AE1D219FC45400028C6C1 /* MustacheTemplateRepository.swift */; };
		563AE1D519FC48330028C6C1 /* MustacheTemplate.swift in Sources */ = {isa = PBXBuildFile; fileRef = 563AE1D419FC48330028C6C1 /* MustacheTemplate.swift */; };
		563AE1D819FC4A450028C6C1 /* Context.swift in Sources */ = {isa = PBXBuildFile; fileRef = 563AE1D719FC4A450028C6C1 /* Context.swift */; };
		563AE1D919FC4CC80028C6C1 /* MustacheTemplateRepository.swift in Sources */ = {isa = PBXBuildFile; fileRef = 563AE1D219FC45400028C6C1 /* MustacheTemplateRepository.swift */; };
		563AE1DA19FC4CDB0028C6C1 /* MustacheConfiguration.swift in Sources */ = {isa = PBXBuildFile; fileRef = 563AE1B919FBE6F40028C6C1 /* MustacheConfiguration.swift */; };
		563AE1DB19FC4CE40028C6C1 /* ContentType.swift in Sources */ = {isa = PBXBuildFile; fileRef = 563AE1C419FC2A380028C6C1 /* ContentType.swift */; };
		563AE1DC19FC4CF10028C6C1 /* Context.swift in Sources */ = {isa = PBXBuildFile; fileRef = 563AE1D719FC4A450028C6C1 /* Context.swift */; };
		563AE1DD19FC4CFA0028C6C1 /* MustacheTemplate.swift in Sources */ = {isa = PBXBuildFile; fileRef = 563AE1D419FC48330028C6C1 /* MustacheTemplate.swift */; };
		563AE1DE19FC4D010028C6C1 /* TemplateAST.swift in Sources */ = {isa = PBXBuildFile; fileRef = 563AE1BF19FC29BF0028C6C1 /* TemplateAST.swift */; };
		563AE1DF19FC4D070028C6C1 /* TemplateASTNode.swift in Sources */ = {isa = PBXBuildFile; fileRef = 563AE1C119FC29E70028C6C1 /* TemplateASTNode.swift */; };
		563AE1E219FC52560028C6C1 /* TemplateCompiler.swift in Sources */ = {isa = PBXBuildFile; fileRef = 563AE1BC19FC27040028C6C1 /* TemplateCompiler.swift */; };
		563AE1E319FC526A0028C6C1 /* TemplateParser.swift in Sources */ = {isa = PBXBuildFile; fileRef = 563AE1B419FBE4FF0028C6C1 /* TemplateParser.swift */; };
		563AE1E419FC52770028C6C1 /* TemplateToken.swift in Sources */ = {isa = PBXBuildFile; fileRef = 563AE1B619FBE6220028C6C1 /* TemplateToken.swift */; };
		563AE1E619FC52B30028C6C1 /* TextNode.swift in Sources */ = {isa = PBXBuildFile; fileRef = 563AE1C619FC364B0028C6C1 /* TextNode.swift */; };
		563AE1E719FC52B70028C6C1 /* VariableTag.swift in Sources */ = {isa = PBXBuildFile; fileRef = 563AE1CF19FC446A0028C6C1 /* VariableTag.swift */; };
		563AE1E819FC52C00028C6C1 /* Expression.swift in Sources */ = {isa = PBXBuildFile; fileRef = 563AE1CB19FC3A030028C6C1 /* Expression.swift */; };
		563AE1E919FC52CC0028C6C1 /* ExpressionParser.swift in Sources */ = {isa = PBXBuildFile; fileRef = 563AE1C819FC38B80028C6C1 /* ExpressionParser.swift */; };
		563AE1EA19FC52ED0028C6C1 /* IdentifierExpression.swift in Sources */ = {isa = PBXBuildFile; fileRef = 563AE1CD19FC3A290028C6C1 /* IdentifierExpression.swift */; };
		563AE1EC19FC55920028C6C1 /* RenderingEngine.swift in Sources */ = {isa = PBXBuildFile; fileRef = 563AE1EB19FC55920028C6C1 /* RenderingEngine.swift */; };
		563AE1ED19FC55920028C6C1 /* RenderingEngine.swift in Sources */ = {isa = PBXBuildFile; fileRef = 563AE1EB19FC55920028C6C1 /* RenderingEngine.swift */; };
		563AE1EF19FC5A2E0028C6C1 /* TemplateASTVisitor.swift in Sources */ = {isa = PBXBuildFile; fileRef = 563AE1EE19FC5A2E0028C6C1 /* TemplateASTVisitor.swift */; };
		563AE1F019FC5A2E0028C6C1 /* TemplateASTVisitor.swift in Sources */ = {isa = PBXBuildFile; fileRef = 563AE1EE19FC5A2E0028C6C1 /* TemplateASTVisitor.swift */; };
		563AE1F219FC5A940028C6C1 /* InheritablePartialNode.swift in Sources */ = {isa = PBXBuildFile; fileRef = 563AE1F119FC5A940028C6C1 /* InheritablePartialNode.swift */; };
		563AE1F319FC5A940028C6C1 /* InheritablePartialNode.swift in Sources */ = {isa = PBXBuildFile; fileRef = 563AE1F119FC5A940028C6C1 /* InheritablePartialNode.swift */; };
		563AE1F519FC5ACD0028C6C1 /* InheritableSectionNode.swift in Sources */ = {isa = PBXBuildFile; fileRef = 563AE1F419FC5ACD0028C6C1 /* InheritableSectionNode.swift */; };
		563AE1F619FC5ACD0028C6C1 /* InheritableSectionNode.swift in Sources */ = {isa = PBXBuildFile; fileRef = 563AE1F419FC5ACD0028C6C1 /* InheritableSectionNode.swift */; };
		563AE1F819FC5AF80028C6C1 /* PartialNode.swift in Sources */ = {isa = PBXBuildFile; fileRef = 563AE1F719FC5AF80028C6C1 /* PartialNode.swift */; };
		563AE1F919FC5AF80028C6C1 /* PartialNode.swift in Sources */ = {isa = PBXBuildFile; fileRef = 563AE1F719FC5AF80028C6C1 /* PartialNode.swift */; };
		563AE1FB19FC5B860028C6C1 /* SectionTag.swift in Sources */ = {isa = PBXBuildFile; fileRef = 563AE1FA19FC5B860028C6C1 /* SectionTag.swift */; };
		563AE1FC19FC5B860028C6C1 /* SectionTag.swift in Sources */ = {isa = PBXBuildFile; fileRef = 563AE1FA19FC5B860028C6C1 /* SectionTag.swift */; };
		563AE1FE19FC5DEC0028C6C1 /* TranslateCharacters.swift in Sources */ = {isa = PBXBuildFile; fileRef = 563AE1FD19FC5DEC0028C6C1 /* TranslateCharacters.swift */; };
		563AE1FF19FC5DEC0028C6C1 /* TranslateCharacters.swift in Sources */ = {isa = PBXBuildFile; fileRef = 563AE1FD19FC5DEC0028C6C1 /* TranslateCharacters.swift */; };
		563AE20119FC62330028C6C1 /* MustacheTag.swift in Sources */ = {isa = PBXBuildFile; fileRef = 563AE20019FC62330028C6C1 /* MustacheTag.swift */; };
		563AE20219FC62330028C6C1 /* MustacheTag.swift in Sources */ = {isa = PBXBuildFile; fileRef = 563AE20019FC62330028C6C1 /* MustacheTag.swift */; };
		563AE20419FC643C0028C6C1 /* ExpressionInvocation.swift in Sources */ = {isa = PBXBuildFile; fileRef = 563AE20319FC643C0028C6C1 /* ExpressionInvocation.swift */; };
		563AE20519FC643C0028C6C1 /* ExpressionInvocation.swift in Sources */ = {isa = PBXBuildFile; fileRef = 563AE20319FC643C0028C6C1 /* ExpressionInvocation.swift */; };
		563AE20A19FD090F0028C6C1 /* ExpressionVisitor.swift in Sources */ = {isa = PBXBuildFile; fileRef = 563AE20919FD090F0028C6C1 /* ExpressionVisitor.swift */; };
		563AE20B19FD090F0028C6C1 /* ExpressionVisitor.swift in Sources */ = {isa = PBXBuildFile; fileRef = 563AE20919FD090F0028C6C1 /* ExpressionVisitor.swift */; };
		569EAE561A0903890052BD26 /* MustacheTagObserver.swift in Sources */ = {isa = PBXBuildFile; fileRef = 569EAE551A0903890052BD26 /* MustacheTagObserver.swift */; };
		569EAE571A0903950052BD26 /* MustacheTagObserver.swift in Sources */ = {isa = PBXBuildFile; fileRef = 569EAE551A0903890052BD26 /* MustacheTagObserver.swift */; };
		569EAE591A0905E00052BD26 /* MustacheRenderable.swift in Sources */ = {isa = PBXBuildFile; fileRef = 569EAE581A0905E00052BD26 /* MustacheRenderable.swift */; };
		569EAE5A1A090B280052BD26 /* MustacheRenderable.swift in Sources */ = {isa = PBXBuildFile; fileRef = 569EAE581A0905E00052BD26 /* MustacheRenderable.swift */; };
		569EAE5F1A0A4D720052BD26 /* ConfigurationExtendBaseContextTests.swift in Sources */ = {isa = PBXBuildFile; fileRef = 569EAE5E1A0A4D720052BD26 /* ConfigurationExtendBaseContextTests.swift */; };
		569EAE611A0A4FC10052BD26 /* ConfigurationTagDelimitersTests.swift in Sources */ = {isa = PBXBuildFile; fileRef = 569EAE601A0A4FC10052BD26 /* ConfigurationTagDelimitersTests.swift */; };
		56A88EC81A066EC40055E40A /* MustacheRenderableTests.swift in Sources */ = {isa = PBXBuildFile; fileRef = 56A88EC71A066EC40055E40A /* MustacheRenderableTests.swift */; };
		56A88ECA1A08B0040055E40A /* MustacheTraversable.swift in Sources */ = {isa = PBXBuildFile; fileRef = 56A88EC91A08B0040055E40A /* MustacheTraversable.swift */; };
		56A88ECB1A08B4000055E40A /* MustacheTraversable.swift in Sources */ = {isa = PBXBuildFile; fileRef = 56A88EC91A08B0040055E40A /* MustacheTraversable.swift */; };
		56AD06F719FE704700406BB8 /* Error.swift in Sources */ = {isa = PBXBuildFile; fileRef = 56AD06F619FE704700406BB8 /* Error.swift */; };
		56AD06F819FE71CD00406BB8 /* Error.swift in Sources */ = {isa = PBXBuildFile; fileRef = 56AD06F619FE704700406BB8 /* Error.swift */; };
		56BD793E1A0E37D600937A76 /* MustacheObject.swift in Sources */ = {isa = PBXBuildFile; fileRef = 56BD793D1A0E37D600937A76 /* MustacheObject.swift */; };
		56BD79401A0E381900937A76 /* MustacheValue.swift in Sources */ = {isa = PBXBuildFile; fileRef = 56BD793F1A0E381900937A76 /* MustacheValue.swift */; };
		56BD79411A0E38AD00937A76 /* MustacheValue.swift in Sources */ = {isa = PBXBuildFile; fileRef = 56BD793F1A0E381900937A76 /* MustacheValue.swift */; };
		56BD79421A0E398700937A76 /* MustacheObject.swift in Sources */ = {isa = PBXBuildFile; fileRef = 56BD793D1A0E37D600937A76 /* MustacheObject.swift */; };
		56BF06581A063DC800926BEB /* URLEscape.swift in Sources */ = {isa = PBXBuildFile; fileRef = 56BF06571A063DC800926BEB /* URLEscape.swift */; };
		56BF06591A063DC800926BEB /* URLEscape.swift in Sources */ = {isa = PBXBuildFile; fileRef = 56BF06571A063DC800926BEB /* URLEscape.swift */; };
		56BF065B1A063DE600926BEB /* JavascriptEscape.swift in Sources */ = {isa = PBXBuildFile; fileRef = 56BF065A1A063DE600926BEB /* JavascriptEscape.swift */; };
		56BF065C1A063DE600926BEB /* JavascriptEscape.swift in Sources */ = {isa = PBXBuildFile; fileRef = 56BF065A1A063DE600926BEB /* JavascriptEscape.swift */; };
		56BF06C11A064FE900926BEB /* GRMustacheSuiteTests.swift in Sources */ = {isa = PBXBuildFile; fileRef = 56BF06AF1A064FE900926BEB /* GRMustacheSuiteTests.swift */; };
		56BF06C31A06500500926BEB /* GRMustacheSuite in Resources */ = {isa = PBXBuildFile; fileRef = 56BF06C21A06500500926BEB /* GRMustacheSuite */; };
		56BF06C51A0650B400926BEB /* FoundationCollectionTests.swift in Sources */ = {isa = PBXBuildFile; fileRef = 56BF06C41A0650B400926BEB /* FoundationCollectionTests.swift */; };
		56CC2C9B1A000C6D00CBD45A /* ImplicitIteratorExpression.swift in Sources */ = {isa = PBXBuildFile; fileRef = 56CC2C9A1A000C6D00CBD45A /* ImplicitIteratorExpression.swift */; };
		56CC2C9C1A000CD900CBD45A /* ImplicitIteratorExpression.swift in Sources */ = {isa = PBXBuildFile; fileRef = 56CC2C9A1A000C6D00CBD45A /* ImplicitIteratorExpression.swift */; };
		56CC2C9E1A000CEB00CBD45A /* FilteredExpression.swift in Sources */ = {isa = PBXBuildFile; fileRef = 56CC2C9D1A000CEB00CBD45A /* FilteredExpression.swift */; };
		56CC2C9F1A000E6000CBD45A /* FilteredExpression.swift in Sources */ = {isa = PBXBuildFile; fileRef = 56CC2C9D1A000CEB00CBD45A /* FilteredExpression.swift */; };
		56CC2CA11A000EE400CBD45A /* ScopedExpression.swift in Sources */ = {isa = PBXBuildFile; fileRef = 56CC2CA01A000EE400CBD45A /* ScopedExpression.swift */; };
		56CC2CA21A000F4B00CBD45A /* ScopedExpression.swift in Sources */ = {isa = PBXBuildFile; fileRef = 56CC2CA01A000EE400CBD45A /* ScopedExpression.swift */; };
		56CC2CA61A00192300CBD45A /* MustacheFilter.swift in Sources */ = {isa = PBXBuildFile; fileRef = 56CC2CA51A00192300CBD45A /* MustacheFilter.swift */; };
		56CC2CA71A00195F00CBD45A /* MustacheFilter.swift in Sources */ = {isa = PBXBuildFile; fileRef = 56CC2CA51A00192300CBD45A /* MustacheFilter.swift */; };
		56E7F85D1A09519A005DDA29 /* ConfigurationBaseContextTests.swift in Sources */ = {isa = PBXBuildFile; fileRef = 56E7F85C1A09519A005DDA29 /* ConfigurationBaseContextTests.swift */; };
		56F05DB61A0A9FC3008B1FFC /* example2.mustache in Resources */ = {isa = PBXBuildFile; fileRef = 56F05DB51A0A9FC3008B1FFC /* example2.mustache */; };
/* End PBXBuildFile section */

/* Begin PBXContainerItemProxy section */
		563AE1A419FBE47A0028C6C1 /* PBXContainerItemProxy */ = {
			isa = PBXContainerItemProxy;
			containerPortal = 563AE18E19FBE4790028C6C1 /* Project object */;
			proxyType = 1;
			remoteGlobalIDString = 563AE19619FBE47A0028C6C1;
			remoteInfo = GRMustache;
		};
/* End PBXContainerItemProxy section */

/* Begin PBXFileReference section */
		5622F1F41A02E98F00B5D3F8 /* StandardLibrary.swift */ = {isa = PBXFileReference; fileEncoding = 4; lastKnownFileType = sourcecode.swift; path = StandardLibrary.swift; sourceTree = "<group>"; };
		5622F1F71A03535700B5D3F8 /* Localizer.swift */ = {isa = PBXFileReference; fileEncoding = 4; lastKnownFileType = sourcecode.swift; path = Localizer.swift; sourceTree = "<group>"; };
		5622F1FA1A0355EE00B5D3F8 /* EachFilter.swift */ = {isa = PBXFileReference; fileEncoding = 4; lastKnownFileType = sourcecode.swift; path = EachFilter.swift; sourceTree = "<group>"; };
		5622F1FD1A051FC400B5D3F8 /* MustacheCluster.swift */ = {isa = PBXFileReference; fileEncoding = 4; lastKnownFileType = sourcecode.swift; path = MustacheCluster.swift; sourceTree = "<group>"; };
		5622F2001A054D5800B5D3F8 /* HTMLEscape.swift */ = {isa = PBXFileReference; fileEncoding = 4; lastKnownFileType = sourcecode.swift; lineEnding = 0; path = HTMLEscape.swift; sourceTree = "<group>"; xcLanguageSpecificationIdentifier = xcode.lang.swift; };
		56330A141A0A9CB7007A0ECE /* example1.mustache */ = {isa = PBXFileReference; fileEncoding = 4; lastKnownFileType = text; path = example1.mustache; sourceTree = "<group>"; };
		563AE19719FBE47A0028C6C1 /* GRMustache.framework */ = {isa = PBXFileReference; explicitFileType = wrapper.framework; includeInIndex = 0; path = GRMustache.framework; sourceTree = BUILT_PRODUCTS_DIR; };
		563AE19B19FBE47A0028C6C1 /* Info.plist */ = {isa = PBXFileReference; lastKnownFileType = text.plist.xml; path = Info.plist; sourceTree = "<group>"; };
		563AE19C19FBE47A0028C6C1 /* GRMustache.h */ = {isa = PBXFileReference; lastKnownFileType = sourcecode.c.h; path = GRMustache.h; sourceTree = "<group>"; };
		563AE1A219FBE47A0028C6C1 /* GRMustacheTests.xctest */ = {isa = PBXFileReference; explicitFileType = wrapper.cfbundle; includeInIndex = 0; path = GRMustacheTests.xctest; sourceTree = BUILT_PRODUCTS_DIR; };
		563AE1A819FBE47A0028C6C1 /* Info.plist */ = {isa = PBXFileReference; lastKnownFileType = text.plist.xml; path = Info.plist; sourceTree = "<group>"; };
		563AE1A919FBE47A0028C6C1 /* GRMustacheTests.swift */ = {isa = PBXFileReference; lastKnownFileType = sourcecode.swift; path = GRMustacheTests.swift; sourceTree = "<group>"; };
		563AE1B419FBE4FF0028C6C1 /* TemplateParser.swift */ = {isa = PBXFileReference; fileEncoding = 4; lastKnownFileType = sourcecode.swift; path = TemplateParser.swift; sourceTree = "<group>"; };
		563AE1B619FBE6220028C6C1 /* TemplateToken.swift */ = {isa = PBXFileReference; fileEncoding = 4; lastKnownFileType = sourcecode.swift; path = TemplateToken.swift; sourceTree = "<group>"; };
		563AE1B919FBE6F40028C6C1 /* MustacheConfiguration.swift */ = {isa = PBXFileReference; fileEncoding = 4; lastKnownFileType = sourcecode.swift; path = MustacheConfiguration.swift; sourceTree = "<group>"; };
		563AE1BC19FC27040028C6C1 /* TemplateCompiler.swift */ = {isa = PBXFileReference; fileEncoding = 4; lastKnownFileType = sourcecode.swift; path = TemplateCompiler.swift; sourceTree = "<group>"; };
		563AE1BF19FC29BF0028C6C1 /* TemplateAST.swift */ = {isa = PBXFileReference; fileEncoding = 4; lastKnownFileType = sourcecode.swift; path = TemplateAST.swift; sourceTree = "<group>"; };
		563AE1C119FC29E70028C6C1 /* TemplateASTNode.swift */ = {isa = PBXFileReference; fileEncoding = 4; lastKnownFileType = sourcecode.swift; path = TemplateASTNode.swift; sourceTree = "<group>"; };
		563AE1C419FC2A380028C6C1 /* ContentType.swift */ = {isa = PBXFileReference; fileEncoding = 4; lastKnownFileType = sourcecode.swift; path = ContentType.swift; sourceTree = "<group>"; };
		563AE1C619FC364B0028C6C1 /* TextNode.swift */ = {isa = PBXFileReference; fileEncoding = 4; lastKnownFileType = sourcecode.swift; path = TextNode.swift; sourceTree = "<group>"; };
		563AE1C819FC38B80028C6C1 /* ExpressionParser.swift */ = {isa = PBXFileReference; fileEncoding = 4; lastKnownFileType = sourcecode.swift; path = ExpressionParser.swift; sourceTree = "<group>"; };
		563AE1CB19FC3A030028C6C1 /* Expression.swift */ = {isa = PBXFileReference; fileEncoding = 4; lastKnownFileType = sourcecode.swift; path = Expression.swift; sourceTree = "<group>"; };
		563AE1CD19FC3A290028C6C1 /* IdentifierExpression.swift */ = {isa = PBXFileReference; fileEncoding = 4; lastKnownFileType = sourcecode.swift; path = IdentifierExpression.swift; sourceTree = "<group>"; };
		563AE1CF19FC446A0028C6C1 /* VariableTag.swift */ = {isa = PBXFileReference; fileEncoding = 4; lastKnownFileType = sourcecode.swift; path = VariableTag.swift; sourceTree = "<group>"; };
		563AE1D219FC45400028C6C1 /* MustacheTemplateRepository.swift */ = {isa = PBXFileReference; fileEncoding = 4; lastKnownFileType = sourcecode.swift; path = MustacheTemplateRepository.swift; sourceTree = "<group>"; };
		563AE1D419FC48330028C6C1 /* MustacheTemplate.swift */ = {isa = PBXFileReference; fileEncoding = 4; lastKnownFileType = sourcecode.swift; path = MustacheTemplate.swift; sourceTree = "<group>"; };
		563AE1D719FC4A450028C6C1 /* Context.swift */ = {isa = PBXFileReference; fileEncoding = 4; lastKnownFileType = sourcecode.swift; path = Context.swift; sourceTree = "<group>"; };
		563AE1EB19FC55920028C6C1 /* RenderingEngine.swift */ = {isa = PBXFileReference; fileEncoding = 4; lastKnownFileType = sourcecode.swift; lineEnding = 0; path = RenderingEngine.swift; sourceTree = "<group>"; xcLanguageSpecificationIdentifier = xcode.lang.swift; };
		563AE1EE19FC5A2E0028C6C1 /* TemplateASTVisitor.swift */ = {isa = PBXFileReference; fileEncoding = 4; lastKnownFileType = sourcecode.swift; path = TemplateASTVisitor.swift; sourceTree = "<group>"; };
		563AE1F119FC5A940028C6C1 /* InheritablePartialNode.swift */ = {isa = PBXFileReference; fileEncoding = 4; lastKnownFileType = sourcecode.swift; path = InheritablePartialNode.swift; sourceTree = "<group>"; };
		563AE1F419FC5ACD0028C6C1 /* InheritableSectionNode.swift */ = {isa = PBXFileReference; fileEncoding = 4; lastKnownFileType = sourcecode.swift; path = InheritableSectionNode.swift; sourceTree = "<group>"; };
		563AE1F719FC5AF80028C6C1 /* PartialNode.swift */ = {isa = PBXFileReference; fileEncoding = 4; lastKnownFileType = sourcecode.swift; path = PartialNode.swift; sourceTree = "<group>"; };
		563AE1FA19FC5B860028C6C1 /* SectionTag.swift */ = {isa = PBXFileReference; fileEncoding = 4; lastKnownFileType = sourcecode.swift; path = SectionTag.swift; sourceTree = "<group>"; };
		563AE1FD19FC5DEC0028C6C1 /* TranslateCharacters.swift */ = {isa = PBXFileReference; fileEncoding = 4; lastKnownFileType = sourcecode.swift; lineEnding = 0; path = TranslateCharacters.swift; sourceTree = "<group>"; xcLanguageSpecificationIdentifier = xcode.lang.swift; };
		563AE20019FC62330028C6C1 /* MustacheTag.swift */ = {isa = PBXFileReference; fileEncoding = 4; lastKnownFileType = sourcecode.swift; path = MustacheTag.swift; sourceTree = "<group>"; };
		563AE20319FC643C0028C6C1 /* ExpressionInvocation.swift */ = {isa = PBXFileReference; fileEncoding = 4; lastKnownFileType = sourcecode.swift; path = ExpressionInvocation.swift; sourceTree = "<group>"; };
		563AE20919FD090F0028C6C1 /* ExpressionVisitor.swift */ = {isa = PBXFileReference; fileEncoding = 4; lastKnownFileType = sourcecode.swift; path = ExpressionVisitor.swift; sourceTree = "<group>"; };
		569EAE551A0903890052BD26 /* MustacheTagObserver.swift */ = {isa = PBXFileReference; fileEncoding = 4; lastKnownFileType = sourcecode.swift; path = MustacheTagObserver.swift; sourceTree = "<group>"; };
		569EAE581A0905E00052BD26 /* MustacheRenderable.swift */ = {isa = PBXFileReference; fileEncoding = 4; lastKnownFileType = sourcecode.swift; path = MustacheRenderable.swift; sourceTree = "<group>"; };
		569EAE5E1A0A4D720052BD26 /* ConfigurationExtendBaseContextTests.swift */ = {isa = PBXFileReference; fileEncoding = 4; lastKnownFileType = sourcecode.swift; path = ConfigurationExtendBaseContextTests.swift; sourceTree = "<group>"; };
		569EAE601A0A4FC10052BD26 /* ConfigurationTagDelimitersTests.swift */ = {isa = PBXFileReference; fileEncoding = 4; lastKnownFileType = sourcecode.swift; path = ConfigurationTagDelimitersTests.swift; sourceTree = "<group>"; };
		56A88EC71A066EC40055E40A /* MustacheRenderableTests.swift */ = {isa = PBXFileReference; fileEncoding = 4; lastKnownFileType = sourcecode.swift; path = MustacheRenderableTests.swift; sourceTree = "<group>"; };
		56A88EC91A08B0040055E40A /* MustacheTraversable.swift */ = {isa = PBXFileReference; fileEncoding = 4; lastKnownFileType = sourcecode.swift; path = MustacheTraversable.swift; sourceTree = "<group>"; };
		56AD06F619FE704700406BB8 /* Error.swift */ = {isa = PBXFileReference; fileEncoding = 4; lastKnownFileType = sourcecode.swift; path = Error.swift; sourceTree = "<group>"; };
		56BD793D1A0E37D600937A76 /* MustacheObject.swift */ = {isa = PBXFileReference; fileEncoding = 4; lastKnownFileType = sourcecode.swift; path = MustacheObject.swift; sourceTree = "<group>"; };
		56BD793F1A0E381900937A76 /* MustacheValue.swift */ = {isa = PBXFileReference; fileEncoding = 4; lastKnownFileType = sourcecode.swift; path = MustacheValue.swift; sourceTree = "<group>"; };
		56BF06571A063DC800926BEB /* URLEscape.swift */ = {isa = PBXFileReference; fileEncoding = 4; lastKnownFileType = sourcecode.swift; path = URLEscape.swift; sourceTree = "<group>"; };
		56BF065A1A063DE600926BEB /* JavascriptEscape.swift */ = {isa = PBXFileReference; fileEncoding = 4; lastKnownFileType = sourcecode.swift; path = JavascriptEscape.swift; sourceTree = "<group>"; };
		56BF06AF1A064FE900926BEB /* GRMustacheSuiteTests.swift */ = {isa = PBXFileReference; fileEncoding = 4; lastKnownFileType = sourcecode.swift; path = GRMustacheSuiteTests.swift; sourceTree = "<group>"; };
		56BF06C21A06500500926BEB /* GRMustacheSuite */ = {isa = PBXFileReference; lastKnownFileType = folder; path = GRMustacheSuite; sourceTree = "<group>"; };
		56BF06C41A0650B400926BEB /* FoundationCollectionTests.swift */ = {isa = PBXFileReference; fileEncoding = 4; lastKnownFileType = sourcecode.swift; path = FoundationCollectionTests.swift; sourceTree = "<group>"; };
		56CC2C9A1A000C6D00CBD45A /* ImplicitIteratorExpression.swift */ = {isa = PBXFileReference; fileEncoding = 4; lastKnownFileType = sourcecode.swift; path = ImplicitIteratorExpression.swift; sourceTree = "<group>"; };
		56CC2C9D1A000CEB00CBD45A /* FilteredExpression.swift */ = {isa = PBXFileReference; fileEncoding = 4; lastKnownFileType = sourcecode.swift; path = FilteredExpression.swift; sourceTree = "<group>"; };
		56CC2CA01A000EE400CBD45A /* ScopedExpression.swift */ = {isa = PBXFileReference; fileEncoding = 4; lastKnownFileType = sourcecode.swift; path = ScopedExpression.swift; sourceTree = "<group>"; };
		56CC2CA51A00192300CBD45A /* MustacheFilter.swift */ = {isa = PBXFileReference; fileEncoding = 4; lastKnownFileType = sourcecode.swift; path = MustacheFilter.swift; sourceTree = "<group>"; };
		56E7F85C1A09519A005DDA29 /* ConfigurationBaseContextTests.swift */ = {isa = PBXFileReference; fileEncoding = 4; lastKnownFileType = sourcecode.swift; path = ConfigurationBaseContextTests.swift; sourceTree = "<group>"; };
		56F05DB51A0A9FC3008B1FFC /* example2.mustache */ = {isa = PBXFileReference; fileEncoding = 4; lastKnownFileType = text; path = example2.mustache; sourceTree = "<group>"; };
/* End PBXFileReference section */

/* Begin PBXFrameworksBuildPhase section */
		563AE19319FBE47A0028C6C1 /* Frameworks */ = {
			isa = PBXFrameworksBuildPhase;
			buildActionMask = 2147483647;
			files = (
			);
			runOnlyForDeploymentPostprocessing = 0;
		};
		563AE19F19FBE47A0028C6C1 /* Frameworks */ = {
			isa = PBXFrameworksBuildPhase;
			buildActionMask = 2147483647;
			files = (
				563AE1A319FBE47A0028C6C1 /* GRMustache.framework in Frameworks */,
			);
			runOnlyForDeploymentPostprocessing = 0;
		};
/* End PBXFrameworksBuildPhase section */

/* Begin PBXGroup section */
		5622F1F31A02E98F00B5D3F8 /* Services */ = {
			isa = PBXGroup;
			children = (
				5622F1FA1A0355EE00B5D3F8 /* EachFilter.swift */,
				5622F2001A054D5800B5D3F8 /* HTMLEscape.swift */,
				56BF065A1A063DE600926BEB /* JavascriptEscape.swift */,
				5622F1F71A03535700B5D3F8 /* Localizer.swift */,
				5622F1F41A02E98F00B5D3F8 /* StandardLibrary.swift */,
				56BF06571A063DC800926BEB /* URLEscape.swift */,
			);
			path = Services;
			sourceTree = "<group>";
		};
		563AE18D19FBE4790028C6C1 = {
			isa = PBXGroup;
			children = (
				563AE19919FBE47A0028C6C1 /* GRMustache */,
				563AE1A619FBE47A0028C6C1 /* GRMustacheTests */,
				563AE19819FBE47A0028C6C1 /* Products */,
			);
			sourceTree = "<group>";
		};
		563AE19819FBE47A0028C6C1 /* Products */ = {
			isa = PBXGroup;
			children = (
				563AE19719FBE47A0028C6C1 /* GRMustache.framework */,
				563AE1A219FBE47A0028C6C1 /* GRMustacheTests.xctest */,
			);
			name = Products;
			sourceTree = "<group>";
		};
		563AE19919FBE47A0028C6C1 /* GRMustache */ = {
			isa = PBXGroup;
			children = (
				563AE19C19FBE47A0028C6C1 /* GRMustache.h */,
				563AE1BB19FC26F00028C6C1 /* Compiling */,
				563AE1B819FBE6E80028C6C1 /* Configuration */,
				563AE1B319FBE4D90028C6C1 /* Parsing */,
				563AE1D619FC4A360028C6C1 /* Rendering */,
				5622F1F31A02E98F00B5D3F8 /* Services */,
				563AE1C319FC2A2A0028C6C1 /* Shared */,
				563AE1D119FC45350028C6C1 /* Template */,
				563AE19A19FBE47A0028C6C1 /* Supporting Files */,
			);
			path = GRMustache;
			sourceTree = "<group>";
		};
		563AE19A19FBE47A0028C6C1 /* Supporting Files */ = {
			isa = PBXGroup;
			children = (
				563AE19B19FBE47A0028C6C1 /* Info.plist */,
			);
			name = "Supporting Files";
			sourceTree = "<group>";
		};
		563AE1A619FBE47A0028C6C1 /* GRMustacheTests */ = {
			isa = PBXGroup;
			children = (
				56BF069B1A064FE900926BEB /* Public */,
				563AE1A919FBE47A0028C6C1 /* GRMustacheTests.swift */,
				56330A141A0A9CB7007A0ECE /* example1.mustache */,
				56F05DB51A0A9FC3008B1FFC /* example2.mustache */,
				563AE1A719FBE47A0028C6C1 /* Supporting Files */,
			);
			path = GRMustacheTests;
			sourceTree = "<group>";
		};
		563AE1A719FBE47A0028C6C1 /* Supporting Files */ = {
			isa = PBXGroup;
			children = (
				563AE1A819FBE47A0028C6C1 /* Info.plist */,
			);
			name = "Supporting Files";
			sourceTree = "<group>";
		};
		563AE1B319FBE4D90028C6C1 /* Parsing */ = {
			isa = PBXGroup;
			children = (
				563AE1C819FC38B80028C6C1 /* ExpressionParser.swift */,
				563AE1B419FBE4FF0028C6C1 /* TemplateParser.swift */,
				563AE1B619FBE6220028C6C1 /* TemplateToken.swift */,
			);
			path = Parsing;
			sourceTree = "<group>";
		};
		563AE1B819FBE6E80028C6C1 /* Configuration */ = {
			isa = PBXGroup;
			children = (
				563AE1B919FBE6F40028C6C1 /* MustacheConfiguration.swift */,
			);
			path = Configuration;
			sourceTree = "<group>";
		};
		563AE1BB19FC26F00028C6C1 /* Compiling */ = {
			isa = PBXGroup;
			children = (
				563AE1CA19FC39C10028C6C1 /* Expression */,
				563AE1BE19FC29B30028C6C1 /* TemplateAST */,
				563AE1BC19FC27040028C6C1 /* TemplateCompiler.swift */,
			);
			path = Compiling;
			sourceTree = "<group>";
		};
		563AE1BE19FC29B30028C6C1 /* TemplateAST */ = {
			isa = PBXGroup;
			children = (
				563AE1F119FC5A940028C6C1 /* InheritablePartialNode.swift */,
				563AE1F419FC5ACD0028C6C1 /* InheritableSectionNode.swift */,
				563AE20019FC62330028C6C1 /* MustacheTag.swift */,
				563AE1F719FC5AF80028C6C1 /* PartialNode.swift */,
				563AE1FA19FC5B860028C6C1 /* SectionTag.swift */,
				563AE1BF19FC29BF0028C6C1 /* TemplateAST.swift */,
				563AE1C119FC29E70028C6C1 /* TemplateASTNode.swift */,
				563AE1EE19FC5A2E0028C6C1 /* TemplateASTVisitor.swift */,
				563AE1C619FC364B0028C6C1 /* TextNode.swift */,
				563AE1CF19FC446A0028C6C1 /* VariableTag.swift */,
			);
			path = TemplateAST;
			sourceTree = "<group>";
		};
		563AE1C319FC2A2A0028C6C1 /* Shared */ = {
			isa = PBXGroup;
			children = (
				563AE1C419FC2A380028C6C1 /* ContentType.swift */,
				56AD06F619FE704700406BB8 /* Error.swift */,
				563AE1FD19FC5DEC0028C6C1 /* TranslateCharacters.swift */,
			);
			path = Shared;
			sourceTree = "<group>";
		};
		563AE1CA19FC39C10028C6C1 /* Expression */ = {
			isa = PBXGroup;
			children = (
				563AE1CB19FC3A030028C6C1 /* Expression.swift */,
				563AE20919FD090F0028C6C1 /* ExpressionVisitor.swift */,
				56CC2C9D1A000CEB00CBD45A /* FilteredExpression.swift */,
				563AE1CD19FC3A290028C6C1 /* IdentifierExpression.swift */,
				56CC2C9A1A000C6D00CBD45A /* ImplicitIteratorExpression.swift */,
				56CC2CA01A000EE400CBD45A /* ScopedExpression.swift */,
			);
			path = Expression;
			sourceTree = "<group>";
		};
		563AE1D119FC45350028C6C1 /* Template */ = {
			isa = PBXGroup;
			children = (
				563AE1D419FC48330028C6C1 /* MustacheTemplate.swift */,
				563AE1D219FC45400028C6C1 /* MustacheTemplateRepository.swift */,
			);
			path = Template;
			sourceTree = "<group>";
		};
		563AE1D619FC4A360028C6C1 /* Rendering */ = {
			isa = PBXGroup;
			children = (
				563AE1D719FC4A450028C6C1 /* Context.swift */,
				563AE20319FC643C0028C6C1 /* ExpressionInvocation.swift */,
				5622F1FD1A051FC400B5D3F8 /* MustacheCluster.swift */,
				56CC2CA51A00192300CBD45A /* MustacheFilter.swift */,
				56BD793D1A0E37D600937A76 /* MustacheObject.swift */,
				569EAE581A0905E00052BD26 /* MustacheRenderable.swift */,
				569EAE551A0903890052BD26 /* MustacheTagObserver.swift */,
				56A88EC91A08B0040055E40A /* MustacheTraversable.swift */,
				56BD793F1A0E381900937A76 /* MustacheValue.swift */,
				563AE1EB19FC55920028C6C1 /* RenderingEngine.swift */,
			);
			path = Rendering;
			sourceTree = "<group>";
		};
		56BF069B1A064FE900926BEB /* Public */ = {
			isa = PBXGroup;
			children = (
				56E7F85B1A09517F005DDA29 /* ConfigurationTests */,
				56BF06C41A0650B400926BEB /* FoundationCollectionTests.swift */,
				56BF069C1A064FE900926BEB /* GRMustacheSuite */,
				56A88EC71A066EC40055E40A /* MustacheRenderableTests.swift */,
			);
			path = Public;
			sourceTree = "<group>";
		};
		56BF069C1A064FE900926BEB /* GRMustacheSuite */ = {
			isa = PBXGroup;
			children = (
				56BF06C21A06500500926BEB /* GRMustacheSuite */,
				56BF06AF1A064FE900926BEB /* GRMustacheSuiteTests.swift */,
			);
			path = GRMustacheSuite;
			sourceTree = "<group>";
		};
		56E7F85B1A09517F005DDA29 /* ConfigurationTests */ = {
			isa = PBXGroup;
			children = (
				56E7F85C1A09519A005DDA29 /* ConfigurationBaseContextTests.swift */,
				569EAE5E1A0A4D720052BD26 /* ConfigurationExtendBaseContextTests.swift */,
				569EAE601A0A4FC10052BD26 /* ConfigurationTagDelimitersTests.swift */,
			);
			path = ConfigurationTests;
			sourceTree = "<group>";
		};
/* End PBXGroup section */

/* Begin PBXHeadersBuildPhase section */
		563AE19419FBE47A0028C6C1 /* Headers */ = {
			isa = PBXHeadersBuildPhase;
			buildActionMask = 2147483647;
			files = (
				563AE19D19FBE47A0028C6C1 /* GRMustache.h in Headers */,
			);
			runOnlyForDeploymentPostprocessing = 0;
		};
/* End PBXHeadersBuildPhase section */

/* Begin PBXNativeTarget section */
		563AE19619FBE47A0028C6C1 /* GRMustache */ = {
			isa = PBXNativeTarget;
			buildConfigurationList = 563AE1AD19FBE47A0028C6C1 /* Build configuration list for PBXNativeTarget "GRMustache" */;
			buildPhases = (
				563AE19219FBE47A0028C6C1 /* Sources */,
				563AE19319FBE47A0028C6C1 /* Frameworks */,
				563AE19419FBE47A0028C6C1 /* Headers */,
				563AE19519FBE47A0028C6C1 /* Resources */,
			);
			buildRules = (
			);
			dependencies = (
			);
			name = GRMustache;
			productName = GRMustache;
			productReference = 563AE19719FBE47A0028C6C1 /* GRMustache.framework */;
			productType = "com.apple.product-type.framework";
		};
		563AE1A119FBE47A0028C6C1 /* GRMustacheTests */ = {
			isa = PBXNativeTarget;
			buildConfigurationList = 563AE1B019FBE47A0028C6C1 /* Build configuration list for PBXNativeTarget "GRMustacheTests" */;
			buildPhases = (
				563AE19E19FBE47A0028C6C1 /* Sources */,
				563AE19F19FBE47A0028C6C1 /* Frameworks */,
				563AE1A019FBE47A0028C6C1 /* Resources */,
			);
			buildRules = (
			);
			dependencies = (
				563AE1A519FBE47A0028C6C1 /* PBXTargetDependency */,
			);
			name = GRMustacheTests;
			productName = GRMustacheTests;
			productReference = 563AE1A219FBE47A0028C6C1 /* GRMustacheTests.xctest */;
			productType = "com.apple.product-type.bundle.unit-test";
		};
/* End PBXNativeTarget section */

/* Begin PBXProject section */
		563AE18E19FBE4790028C6C1 /* Project object */ = {
			isa = PBXProject;
			attributes = {
				LastUpgradeCheck = 0610;
				ORGANIZATIONNAME = "Gwendal Roué";
				TargetAttributes = {
					563AE19619FBE47A0028C6C1 = {
						CreatedOnToolsVersion = 6.1;
					};
					563AE1A119FBE47A0028C6C1 = {
						CreatedOnToolsVersion = 6.1;
					};
				};
			};
			buildConfigurationList = 563AE19119FBE4790028C6C1 /* Build configuration list for PBXProject "GRMustache" */;
			compatibilityVersion = "Xcode 3.2";
			developmentRegion = English;
			hasScannedForEncodings = 0;
			knownRegions = (
				en,
			);
			mainGroup = 563AE18D19FBE4790028C6C1;
			productRefGroup = 563AE19819FBE47A0028C6C1 /* Products */;
			projectDirPath = "";
			projectRoot = "";
			targets = (
				563AE19619FBE47A0028C6C1 /* GRMustache */,
				563AE1A119FBE47A0028C6C1 /* GRMustacheTests */,
			);
		};
/* End PBXProject section */

/* Begin PBXResourcesBuildPhase section */
		563AE19519FBE47A0028C6C1 /* Resources */ = {
			isa = PBXResourcesBuildPhase;
			buildActionMask = 2147483647;
			files = (
			);
			runOnlyForDeploymentPostprocessing = 0;
		};
		563AE1A019FBE47A0028C6C1 /* Resources */ = {
			isa = PBXResourcesBuildPhase;
			buildActionMask = 2147483647;
			files = (
				56F05DB61A0A9FC3008B1FFC /* example2.mustache in Resources */,
				56BF06C31A06500500926BEB /* GRMustacheSuite in Resources */,
				56330A151A0A9CB7007A0ECE /* example1.mustache in Resources */,
			);
			runOnlyForDeploymentPostprocessing = 0;
		};
/* End PBXResourcesBuildPhase section */

/* Begin PBXSourcesBuildPhase section */
		563AE19219FBE47A0028C6C1 /* Sources */ = {
			isa = PBXSourcesBuildPhase;
			buildActionMask = 2147483647;
			files = (
				56CC2C9B1A000C6D00CBD45A /* ImplicitIteratorExpression.swift in Sources */,
				563AE20119FC62330028C6C1 /* MustacheTag.swift in Sources */,
				569EAE561A0903890052BD26 /* MustacheTagObserver.swift in Sources */,
				563AE1C719FC364B0028C6C1 /* TextNode.swift in Sources */,
				563AE1D019FC446A0028C6C1 /* VariableTag.swift in Sources */,
				569EAE591A0905E00052BD26 /* MustacheRenderable.swift in Sources */,
				56BD79401A0E381900937A76 /* MustacheValue.swift in Sources */,
				563AE1FB19FC5B860028C6C1 /* SectionTag.swift in Sources */,
				56BF06581A063DC800926BEB /* URLEscape.swift in Sources */,
				563AE1C919FC38B80028C6C1 /* ExpressionParser.swift in Sources */,
				563AE1FE19FC5DEC0028C6C1 /* TranslateCharacters.swift in Sources */,
				56BD793E1A0E37D600937A76 /* MustacheObject.swift in Sources */,
				563AE1D819FC4A450028C6C1 /* Context.swift in Sources */,
				56BF065B1A063DE600926BEB /* JavascriptEscape.swift in Sources */,
				56AD06F719FE704700406BB8 /* Error.swift in Sources */,
				563AE1F519FC5ACD0028C6C1 /* InheritableSectionNode.swift in Sources */,
				563AE1BD19FC27040028C6C1 /* TemplateCompiler.swift in Sources */,
				563AE1F819FC5AF80028C6C1 /* PartialNode.swift in Sources */,
				563AE20A19FD090F0028C6C1 /* ExpressionVisitor.swift in Sources */,
				563AE1D319FC45400028C6C1 /* MustacheTemplateRepository.swift in Sources */,
				56CC2CA61A00192300CBD45A /* MustacheFilter.swift in Sources */,
				56CC2C9E1A000CEB00CBD45A /* FilteredExpression.swift in Sources */,
				563AE1D519FC48330028C6C1 /* MustacheTemplate.swift in Sources */,
				5622F1FB1A0355EE00B5D3F8 /* EachFilter.swift in Sources */,
				563AE1C519FC2A380028C6C1 /* ContentType.swift in Sources */,
				563AE1EF19FC5A2E0028C6C1 /* TemplateASTVisitor.swift in Sources */,
				56A88ECA1A08B0040055E40A /* MustacheTraversable.swift in Sources */,
				563AE1BA19FBE6F40028C6C1 /* MustacheConfiguration.swift in Sources */,
				563AE1B519FBE4FF0028C6C1 /* TemplateParser.swift in Sources */,
				5622F1F51A02E98F00B5D3F8 /* StandardLibrary.swift in Sources */,
				563AE1F219FC5A940028C6C1 /* InheritablePartialNode.swift in Sources */,
				5622F1F81A03535700B5D3F8 /* Localizer.swift in Sources */,
				563AE1EC19FC55920028C6C1 /* RenderingEngine.swift in Sources */,
				5622F2011A054D5800B5D3F8 /* HTMLEscape.swift in Sources */,
				563AE1B719FBE6220028C6C1 /* TemplateToken.swift in Sources */,
				563AE1C219FC29E70028C6C1 /* TemplateASTNode.swift in Sources */,
				563AE1C019FC29BF0028C6C1 /* TemplateAST.swift in Sources */,
				563AE1CE19FC3A290028C6C1 /* IdentifierExpression.swift in Sources */,
				5622F1FE1A051FC400B5D3F8 /* MustacheCluster.swift in Sources */,
				56CC2CA11A000EE400CBD45A /* ScopedExpression.swift in Sources */,
				563AE20419FC643C0028C6C1 /* ExpressionInvocation.swift in Sources */,
				563AE1CC19FC3A030028C6C1 /* Expression.swift in Sources */,
			);
			runOnlyForDeploymentPostprocessing = 0;
		};
		563AE19E19FBE47A0028C6C1 /* Sources */ = {
			isa = PBXSourcesBuildPhase;
			buildActionMask = 2147483647;
			files = (
				56CC2CA71A00195F00CBD45A /* MustacheFilter.swift in Sources */,
				56BF065C1A063DE600926BEB /* JavascriptEscape.swift in Sources */,
				563AE1DA19FC4CDB0028C6C1 /* MustacheConfiguration.swift in Sources */,
				563AE1FC19FC5B860028C6C1 /* SectionTag.swift in Sources */,
				56CC2C9C1A000CD900CBD45A /* ImplicitIteratorExpression.swift in Sources */,
				56A88EC81A066EC40055E40A /* MustacheRenderableTests.swift in Sources */,
				563AE1F919FC5AF80028C6C1 /* PartialNode.swift in Sources */,
				563AE1E419FC52770028C6C1 /* TemplateToken.swift in Sources */,
				56BD79421A0E398700937A76 /* MustacheObject.swift in Sources */,
				563AE1DB19FC4CE40028C6C1 /* ContentType.swift in Sources */,
				569EAE611A0A4FC10052BD26 /* ConfigurationTagDelimitersTests.swift in Sources */,
				56E7F85D1A09519A005DDA29 /* ConfigurationBaseContextTests.swift in Sources */,
				563AE1DF19FC4D070028C6C1 /* TemplateASTNode.swift in Sources */,
				563AE1AA19FBE47A0028C6C1 /* GRMustacheTests.swift in Sources */,
				563AE20219FC62330028C6C1 /* MustacheTag.swift in Sources */,
				5622F1FF1A051FF500B5D3F8 /* MustacheCluster.swift in Sources */,
				563AE1E719FC52B70028C6C1 /* VariableTag.swift in Sources */,
				5622F1F91A03546200B5D3F8 /* Localizer.swift in Sources */,
				563AE1DD19FC4CFA0028C6C1 /* MustacheTemplate.swift in Sources */,
				563AE20B19FD090F0028C6C1 /* ExpressionVisitor.swift in Sources */,
				563AE1DC19FC4CF10028C6C1 /* Context.swift in Sources */,
				56BF06591A063DC800926BEB /* URLEscape.swift in Sources */,
				569EAE5A1A090B280052BD26 /* MustacheRenderable.swift in Sources */,
				56AD06F819FE71CD00406BB8 /* Error.swift in Sources */,
				563AE1FF19FC5DEC0028C6C1 /* TranslateCharacters.swift in Sources */,
				5622F2021A0551DD00B5D3F8 /* HTMLEscape.swift in Sources */,
				569EAE571A0903950052BD26 /* MustacheTagObserver.swift in Sources */,
				563AE1E619FC52B30028C6C1 /* TextNode.swift in Sources */,
				56BF06C11A064FE900926BEB /* GRMustacheSuiteTests.swift in Sources */,
				56CC2C9F1A000E6000CBD45A /* FilteredExpression.swift in Sources */,
				563AE1E319FC526A0028C6C1 /* TemplateParser.swift in Sources */,
				563AE1F019FC5A2E0028C6C1 /* TemplateASTVisitor.swift in Sources */,
				56BD79411A0E38AD00937A76 /* MustacheValue.swift in Sources */,
				563AE1EA19FC52ED0028C6C1 /* IdentifierExpression.swift in Sources */,
				569EAE5F1A0A4D720052BD26 /* ConfigurationExtendBaseContextTests.swift in Sources */,
				563AE1DE19FC4D010028C6C1 /* TemplateAST.swift in Sources */,
				563AE1F319FC5A940028C6C1 /* InheritablePartialNode.swift in Sources */,
				56A88ECB1A08B4000055E40A /* MustacheTraversable.swift in Sources */,
				563AE1F619FC5ACD0028C6C1 /* InheritableSectionNode.swift in Sources */,
				5622F1F61A02F62300B5D3F8 /* StandardLibrary.swift in Sources */,
				563AE1E219FC52560028C6C1 /* TemplateCompiler.swift in Sources */,
				563AE20519FC643C0028C6C1 /* ExpressionInvocation.swift in Sources */,
				563AE1D919FC4CC80028C6C1 /* MustacheTemplateRepository.swift in Sources */,
				563AE1E919FC52CC0028C6C1 /* ExpressionParser.swift in Sources */,
				56BF06C51A0650B400926BEB /* FoundationCollectionTests.swift in Sources */,
				563AE1ED19FC55920028C6C1 /* RenderingEngine.swift in Sources */,
				563AE1E819FC52C00028C6C1 /* Expression.swift in Sources */,
				5622F1FC1A0355FC00B5D3F8 /* EachFilter.swift in Sources */,
				56CC2CA21A000F4B00CBD45A /* ScopedExpression.swift in Sources */,
			);
			runOnlyForDeploymentPostprocessing = 0;
		};
/* End PBXSourcesBuildPhase section */

/* Begin PBXTargetDependency section */
		563AE1A519FBE47A0028C6C1 /* PBXTargetDependency */ = {
			isa = PBXTargetDependency;
			target = 563AE19619FBE47A0028C6C1 /* GRMustache */;
			targetProxy = 563AE1A419FBE47A0028C6C1 /* PBXContainerItemProxy */;
		};
/* End PBXTargetDependency section */

/* Begin XCBuildConfiguration section */
		563AE1AB19FBE47A0028C6C1 /* Debug */ = {
			isa = XCBuildConfiguration;
			buildSettings = {
				ALWAYS_SEARCH_USER_PATHS = NO;
				CLANG_CXX_LANGUAGE_STANDARD = "gnu++0x";
				CLANG_CXX_LIBRARY = "libc++";
				CLANG_ENABLE_MODULES = YES;
				CLANG_ENABLE_OBJC_ARC = YES;
				CLANG_WARN_BOOL_CONVERSION = YES;
				CLANG_WARN_CONSTANT_CONVERSION = YES;
				CLANG_WARN_DIRECT_OBJC_ISA_USAGE = YES_ERROR;
				CLANG_WARN_EMPTY_BODY = YES;
				CLANG_WARN_ENUM_CONVERSION = YES;
				CLANG_WARN_INT_CONVERSION = YES;
				CLANG_WARN_OBJC_ROOT_CLASS = YES_ERROR;
				CLANG_WARN_UNREACHABLE_CODE = YES;
				CLANG_WARN__DUPLICATE_METHOD_MATCH = YES;
				"CODE_SIGN_IDENTITY[sdk=iphoneos*]" = "iPhone Developer";
				COPY_PHASE_STRIP = NO;
				CURRENT_PROJECT_VERSION = 1;
				ENABLE_STRICT_OBJC_MSGSEND = YES;
				GCC_C_LANGUAGE_STANDARD = gnu99;
				GCC_DYNAMIC_NO_PIC = NO;
				GCC_OPTIMIZATION_LEVEL = 0;
				GCC_PREPROCESSOR_DEFINITIONS = (
					"DEBUG=1",
					"$(inherited)",
				);
				GCC_SYMBOLS_PRIVATE_EXTERN = NO;
				GCC_WARN_64_TO_32_BIT_CONVERSION = YES;
				GCC_WARN_ABOUT_RETURN_TYPE = YES_ERROR;
				GCC_WARN_UNDECLARED_SELECTOR = YES;
				GCC_WARN_UNINITIALIZED_AUTOS = YES_AGGRESSIVE;
				GCC_WARN_UNUSED_FUNCTION = YES;
				GCC_WARN_UNUSED_VARIABLE = YES;
				IPHONEOS_DEPLOYMENT_TARGET = 8.1;
				MTL_ENABLE_DEBUG_INFO = YES;
				ONLY_ACTIVE_ARCH = YES;
				SDKROOT = iphoneos;
				SWIFT_OPTIMIZATION_LEVEL = "-Onone";
				TARGETED_DEVICE_FAMILY = "1,2";
				VERSIONING_SYSTEM = "apple-generic";
				VERSION_INFO_PREFIX = "";
			};
			name = Debug;
		};
		563AE1AC19FBE47A0028C6C1 /* Release */ = {
			isa = XCBuildConfiguration;
			buildSettings = {
				ALWAYS_SEARCH_USER_PATHS = NO;
				CLANG_CXX_LANGUAGE_STANDARD = "gnu++0x";
				CLANG_CXX_LIBRARY = "libc++";
				CLANG_ENABLE_MODULES = YES;
				CLANG_ENABLE_OBJC_ARC = YES;
				CLANG_WARN_BOOL_CONVERSION = YES;
				CLANG_WARN_CONSTANT_CONVERSION = YES;
				CLANG_WARN_DIRECT_OBJC_ISA_USAGE = YES_ERROR;
				CLANG_WARN_EMPTY_BODY = YES;
				CLANG_WARN_ENUM_CONVERSION = YES;
				CLANG_WARN_INT_CONVERSION = YES;
				CLANG_WARN_OBJC_ROOT_CLASS = YES_ERROR;
				CLANG_WARN_UNREACHABLE_CODE = YES;
				CLANG_WARN__DUPLICATE_METHOD_MATCH = YES;
				"CODE_SIGN_IDENTITY[sdk=iphoneos*]" = "iPhone Developer";
				COPY_PHASE_STRIP = YES;
				CURRENT_PROJECT_VERSION = 1;
				ENABLE_NS_ASSERTIONS = NO;
				ENABLE_STRICT_OBJC_MSGSEND = YES;
				GCC_C_LANGUAGE_STANDARD = gnu99;
				GCC_WARN_64_TO_32_BIT_CONVERSION = YES;
				GCC_WARN_ABOUT_RETURN_TYPE = YES_ERROR;
				GCC_WARN_UNDECLARED_SELECTOR = YES;
				GCC_WARN_UNINITIALIZED_AUTOS = YES_AGGRESSIVE;
				GCC_WARN_UNUSED_FUNCTION = YES;
				GCC_WARN_UNUSED_VARIABLE = YES;
				IPHONEOS_DEPLOYMENT_TARGET = 8.1;
				MTL_ENABLE_DEBUG_INFO = NO;
				SDKROOT = iphoneos;
				TARGETED_DEVICE_FAMILY = "1,2";
				VALIDATE_PRODUCT = YES;
				VERSIONING_SYSTEM = "apple-generic";
				VERSION_INFO_PREFIX = "";
			};
			name = Release;
		};
		563AE1AE19FBE47A0028C6C1 /* Debug */ = {
			isa = XCBuildConfiguration;
			buildSettings = {
				CLANG_ENABLE_MODULES = YES;
				DEFINES_MODULE = YES;
				DYLIB_COMPATIBILITY_VERSION = 1;
				DYLIB_CURRENT_VERSION = 1;
				DYLIB_INSTALL_NAME_BASE = "@rpath";
				INFOPLIST_FILE = GRMustache/Info.plist;
				INSTALL_PATH = "$(LOCAL_LIBRARY_DIR)/Frameworks";
				LD_RUNPATH_SEARCH_PATHS = "$(inherited) @executable_path/Frameworks @loader_path/Frameworks";
				PRODUCT_NAME = "$(TARGET_NAME)";
				SKIP_INSTALL = YES;
				SWIFT_OPTIMIZATION_LEVEL = "-Onone";
			};
			name = Debug;
		};
		563AE1AF19FBE47A0028C6C1 /* Release */ = {
			isa = XCBuildConfiguration;
			buildSettings = {
				CLANG_ENABLE_MODULES = YES;
				DEFINES_MODULE = YES;
				DYLIB_COMPATIBILITY_VERSION = 1;
				DYLIB_CURRENT_VERSION = 1;
				DYLIB_INSTALL_NAME_BASE = "@rpath";
				INFOPLIST_FILE = GRMustache/Info.plist;
				INSTALL_PATH = "$(LOCAL_LIBRARY_DIR)/Frameworks";
				LD_RUNPATH_SEARCH_PATHS = "$(inherited) @executable_path/Frameworks @loader_path/Frameworks";
				PRODUCT_NAME = "$(TARGET_NAME)";
				SKIP_INSTALL = YES;
			};
			name = Release;
		};
		563AE1B119FBE47A0028C6C1 /* Debug */ = {
			isa = XCBuildConfiguration;
			buildSettings = {
				FRAMEWORK_SEARCH_PATHS = (
					"$(SDKROOT)/Developer/Library/Frameworks",
					"$(inherited)",
				);
				GCC_PREPROCESSOR_DEFINITIONS = (
					"DEBUG=1",
					"$(inherited)",
				);
				INFOPLIST_FILE = GRMustacheTests/Info.plist;
				LD_RUNPATH_SEARCH_PATHS = "$(inherited) @executable_path/Frameworks @loader_path/Frameworks";
				PRODUCT_NAME = "$(TARGET_NAME)";
			};
			name = Debug;
		};
		563AE1B219FBE47A0028C6C1 /* Release */ = {
			isa = XCBuildConfiguration;
			buildSettings = {
				FRAMEWORK_SEARCH_PATHS = (
					"$(SDKROOT)/Developer/Library/Frameworks",
					"$(inherited)",
				);
				INFOPLIST_FILE = GRMustacheTests/Info.plist;
				LD_RUNPATH_SEARCH_PATHS = "$(inherited) @executable_path/Frameworks @loader_path/Frameworks";
				PRODUCT_NAME = "$(TARGET_NAME)";
			};
			name = Release;
		};
/* End XCBuildConfiguration section */

/* Begin XCConfigurationList section */
		563AE19119FBE4790028C6C1 /* Build configuration list for PBXProject "GRMustache" */ = {
			isa = XCConfigurationList;
			buildConfigurations = (
				563AE1AB19FBE47A0028C6C1 /* Debug */,
				563AE1AC19FBE47A0028C6C1 /* Release */,
			);
			defaultConfigurationIsVisible = 0;
			defaultConfigurationName = Release;
		};
		563AE1AD19FBE47A0028C6C1 /* Build configuration list for PBXNativeTarget "GRMustache" */ = {
			isa = XCConfigurationList;
			buildConfigurations = (
				563AE1AE19FBE47A0028C6C1 /* Debug */,
				563AE1AF19FBE47A0028C6C1 /* Release */,
			);
			defaultConfigurationIsVisible = 0;
			defaultConfigurationName = Release;
		};
		563AE1B019FBE47A0028C6C1 /* Build configuration list for PBXNativeTarget "GRMustacheTests" */ = {
			isa = XCConfigurationList;
			buildConfigurations = (
				563AE1B119FBE47A0028C6C1 /* Debug */,
				563AE1B219FBE47A0028C6C1 /* Release */,
			);
			defaultConfigurationIsVisible = 0;
			defaultConfigurationName = Release;
		};
/* End XCConfigurationList section */
	};
	rootObject = 563AE18E19FBE4790028C6C1 /* Project object */;
}
