// !$*UTF8*$!
{
	archiveVersion = 1;
	classes = {
	};
	objectVersion = 46;
	objects = {

/* Begin PBXBuildFile section */
		561AF22A1D906435007BD01B /* Mustache.framework in Frameworks */ = {isa = PBXBuildFile; fileRef = 561AF2211D906402007BD01B /* Mustache.framework */; };
		561AF22B1D906435007BD01B /* Mustache.framework in Embed Frameworks */ = {isa = PBXBuildFile; fileRef = 561AF2211D906402007BD01B /* Mustache.framework */; settings = {ATTRIBUTES = (CodeSignOnCopy, RemoveHeadersOnCopy, ); }; };
		56966A461A8BEA3C00BFBB56 /* Model.swift in Sources */ = {isa = PBXBuildFile; fileRef = 56966A451A8BEA3C00BFBB56 /* Model.swift */; };
		56966A501A8BFE0F00BFBB56 /* Localizable.strings in Resources */ = {isa = PBXBuildFile; fileRef = 56966A521A8BFE0F00BFBB56 /* Localizable.strings */; };
		56E8B5671A8BE267000DCC81 /* AppDelegate.swift in Sources */ = {isa = PBXBuildFile; fileRef = 56E8B5661A8BE267000DCC81 /* AppDelegate.swift */; };
		56E8B5691A8BE267000DCC81 /* ViewController.swift in Sources */ = {isa = PBXBuildFile; fileRef = 56E8B5681A8BE267000DCC81 /* ViewController.swift */; };
		56E8B56B1A8BE267000DCC81 /* Images.xcassets in Resources */ = {isa = PBXBuildFile; fileRef = 56E8B56A1A8BE267000DCC81 /* Images.xcassets */; };
		56E8B56E1A8BE267000DCC81 /* Main.storyboard in Resources */ = {isa = PBXBuildFile; fileRef = 56E8B56C1A8BE267000DCC81 /* Main.storyboard */; };
/* End PBXBuildFile section */

/* Begin PBXContainerItemProxy section */
		561AF21C1D906402007BD01B /* PBXContainerItemProxy */ = {
			isa = PBXContainerItemProxy;
			containerPortal = 561AF2131D906401007BD01B /* Mustache.xcodeproj */;
			proxyType = 2;
			remoteGlobalIDString = 563AE19719FBE47A0028C6C1;
			remoteInfo = MustacheiOS;
		};
		561AF21E1D906402007BD01B /* PBXContainerItemProxy */ = {
			isa = PBXContainerItemProxy;
			containerPortal = 561AF2131D906401007BD01B /* Mustache.xcodeproj */;
			proxyType = 2;
			remoteGlobalIDString = 563AE1A219FBE47A0028C6C1;
			remoteInfo = MustacheiOSTests;
		};
		561AF2201D906402007BD01B /* PBXContainerItemProxy */ = {
			isa = PBXContainerItemProxy;
			containerPortal = 561AF2131D906401007BD01B /* Mustache.xcodeproj */;
			proxyType = 2;
			remoteGlobalIDString = 561E725C1A8BDC2B004ED48B;
			remoteInfo = MustacheOSX;
		};
		561AF2221D906402007BD01B /* PBXContainerItemProxy */ = {
			isa = PBXContainerItemProxy;
			containerPortal = 561AF2131D906401007BD01B /* Mustache.xcodeproj */;
			proxyType = 2;
			remoteGlobalIDString = 561E72661A8BDC2B004ED48B;
			remoteInfo = MustacheOSXTests;
		};
		561AF2241D906402007BD01B /* PBXContainerItemProxy */ = {
			isa = PBXContainerItemProxy;
			containerPortal = 561AF2131D906401007BD01B /* Mustache.xcodeproj */;
			proxyType = 2;
			remoteGlobalIDString = 09A89DCE1BF58489003A695E;
			remoteInfo = MustacheTVOS;
		};
		561AF2261D906402007BD01B /* PBXContainerItemProxy */ = {
			isa = PBXContainerItemProxy;
			containerPortal = 561AF2131D906401007BD01B /* Mustache.xcodeproj */;
			proxyType = 2;
			remoteGlobalIDString = 09A89DDA1BF584EE003A695E;
			remoteInfo = MustacheTVOSTests;
		};
		561AF2281D906408007BD01B /* PBXContainerItemProxy */ = {
			isa = PBXContainerItemProxy;
			containerPortal = 561AF2131D906401007BD01B /* Mustache.xcodeproj */;
			proxyType = 1;
			remoteGlobalIDString = 561E725B1A8BDC2B004ED48B;
			remoteInfo = MustacheOSX;
		};
		561AF22C1D906436007BD01B /* PBXContainerItemProxy */ = {
			isa = PBXContainerItemProxy;
			containerPortal = 561AF2131D906401007BD01B /* Mustache.xcodeproj */;
			proxyType = 1;
			remoteGlobalIDString = 561E725B1A8BDC2B004ED48B;
			remoteInfo = MustacheOSX;
		};
/* End PBXContainerItemProxy section */

/* Begin PBXCopyFilesBuildPhase section */
		561AF22E1D906436007BD01B /* Embed Frameworks */ = {
			isa = PBXCopyFilesBuildPhase;
			buildActionMask = 2147483647;
			dstPath = "";
			dstSubfolderSpec = 10;
			files = (
				561AF22B1D906435007BD01B /* Mustache.framework in Embed Frameworks */,
			);
			name = "Embed Frameworks";
			runOnlyForDeploymentPostprocessing = 0;
		};
/* End PBXCopyFilesBuildPhase section */

/* Begin PBXFileReference section */
		561AF2131D906401007BD01B /* Mustache.xcodeproj */ = {isa = PBXFileReference; lastKnownFileType = "wrapper.pb-project"; name = Mustache.xcodeproj; path = ../../../Xcode/Mustache.xcodeproj; sourceTree = "<group>"; };
		56966A451A8BEA3C00BFBB56 /* Model.swift */ = {isa = PBXFileReference; fileEncoding = 4; lastKnownFileType = sourcecode.swift; path = Model.swift; sourceTree = "<group>"; };
		56966A511A8BFE0F00BFBB56 /* en */ = {isa = PBXFileReference; lastKnownFileType = text.plist.strings; name = en; path = en.lproj/Localizable.strings; sourceTree = "<group>"; };
		56E8B5611A8BE267000DCC81 /* MustacheDemoOSX.app */ = {isa = PBXFileReference; explicitFileType = wrapper.application; includeInIndex = 0; path = MustacheDemoOSX.app; sourceTree = BUILT_PRODUCTS_DIR; };
		56E8B5651A8BE267000DCC81 /* Info.plist */ = {isa = PBXFileReference; lastKnownFileType = text.plist.xml; path = Info.plist; sourceTree = "<group>"; };
		56E8B5661A8BE267000DCC81 /* AppDelegate.swift */ = {isa = PBXFileReference; lastKnownFileType = sourcecode.swift; path = AppDelegate.swift; sourceTree = "<group>"; };
		56E8B5681A8BE267000DCC81 /* ViewController.swift */ = {isa = PBXFileReference; lastKnownFileType = sourcecode.swift; path = ViewController.swift; sourceTree = "<group>"; };
		56E8B56A1A8BE267000DCC81 /* Images.xcassets */ = {isa = PBXFileReference; lastKnownFileType = folder.assetcatalog; path = Images.xcassets; sourceTree = "<group>"; };
		56E8B56D1A8BE267000DCC81 /* Base */ = {isa = PBXFileReference; lastKnownFileType = file.storyboard; name = Base; path = Base.lproj/Main.storyboard; sourceTree = "<group>"; };
/* End PBXFileReference section */

/* Begin PBXFrameworksBuildPhase section */
		56E8B55E1A8BE267000DCC81 /* Frameworks */ = {
			isa = PBXFrameworksBuildPhase;
			buildActionMask = 2147483647;
			files = (
				561AF22A1D906435007BD01B /* Mustache.framework in Frameworks */,
			);
			runOnlyForDeploymentPostprocessing = 0;
		};
/* End PBXFrameworksBuildPhase section */

/* Begin PBXGroup section */
		561AF2141D906401007BD01B /* Products */ = {
			isa = PBXGroup;
			children = (
				561AF21D1D906402007BD01B /* Mustache.framework */,
				561AF21F1D906402007BD01B /* MustacheiOSTests.xctest */,
				561AF2211D906402007BD01B /* Mustache.framework */,
				561AF2231D906402007BD01B /* MustacheOSXTests.xctest */,
				561AF2251D906402007BD01B /* Mustache.framework */,
				561AF2271D906402007BD01B /* MustacheTVOSTests.xctest */,
			);
			name = Products;
			sourceTree = "<group>";
		};
		56E8B5581A8BE267000DCC81 = {
			isa = PBXGroup;
			children = (
				56E8B5631A8BE267000DCC81 /* MustacheDemoOSX */,
				56E8B5621A8BE267000DCC81 /* Products */,
			);
			sourceTree = "<group>";
		};
		56E8B5621A8BE267000DCC81 /* Products */ = {
			isa = PBXGroup;
			children = (
				56E8B5611A8BE267000DCC81 /* MustacheDemoOSX.app */,
			);
			name = Products;
			sourceTree = "<group>";
		};
		56E8B5631A8BE267000DCC81 /* MustacheDemoOSX */ = {
			isa = PBXGroup;
			children = (
				56E8B5661A8BE267000DCC81 /* AppDelegate.swift */,
				56E8B5681A8BE267000DCC81 /* ViewController.swift */,
				56966A451A8BEA3C00BFBB56 /* Model.swift */,
				56EB0BCB1BCE29DB00A3DC55 /* Resources */,
				56E8B5961A8BE3C2000DCC81 /* Frameworks */,
				56E8B5641A8BE267000DCC81 /* Supporting Files */,
			);
			path = MustacheDemoOSX;
			sourceTree = "<group>";
		};
		56E8B5641A8BE267000DCC81 /* Supporting Files */ = {
			isa = PBXGroup;
			children = (
				56E8B5651A8BE267000DCC81 /* Info.plist */,
			);
			name = "Supporting Files";
			sourceTree = "<group>";
		};
		56E8B5961A8BE3C2000DCC81 /* Frameworks */ = {
			isa = PBXGroup;
			children = (
				561AF2131D906401007BD01B /* Mustache.xcodeproj */,
			);
			name = Frameworks;
			path = ..;
			sourceTree = "<group>";
		};
		56EB0BCB1BCE29DB00A3DC55 /* Resources */ = {
			isa = PBXGroup;
			children = (
				56966A521A8BFE0F00BFBB56 /* Localizable.strings */,
				56E8B56A1A8BE267000DCC81 /* Images.xcassets */,
				56E8B56C1A8BE267000DCC81 /* Main.storyboard */,
			);
			name = Resources;
			sourceTree = "<group>";
		};
/* End PBXGroup section */

/* Begin PBXNativeTarget section */
		56E8B5601A8BE267000DCC81 /* MustacheDemoOSX */ = {
			isa = PBXNativeTarget;
			buildConfigurationList = 56E8B57D1A8BE267000DCC81 /* Build configuration list for PBXNativeTarget "MustacheDemoOSX" */;
			buildPhases = (
				56E8B55D1A8BE267000DCC81 /* Sources */,
				56E8B55E1A8BE267000DCC81 /* Frameworks */,
				56E8B55F1A8BE267000DCC81 /* Resources */,
				561AF22E1D906436007BD01B /* Embed Frameworks */,
			);
			buildRules = (
			);
			dependencies = (
				561AF2291D906408007BD01B /* PBXTargetDependency */,
				561AF22D1D906436007BD01B /* PBXTargetDependency */,
			);
			name = MustacheDemoOSX;
			productName = MustacheDemoOSX;
			productReference = 56E8B5611A8BE267000DCC81 /* MustacheDemoOSX.app */;
			productType = "com.apple.product-type.application";
		};
/* End PBXNativeTarget section */

/* Begin PBXProject section */
		56E8B5591A8BE267000DCC81 /* Project object */ = {
			isa = PBXProject;
			attributes = {
				LastSwiftUpdateCheck = 0700;
				LastUpgradeCheck = 0910;
				ORGANIZATIONNAME = "Gwendal Roué";
				TargetAttributes = {
					56E8B5601A8BE267000DCC81 = {
						CreatedOnToolsVersion = 6.1.1;
						LastSwiftMigration = 0800;
					};
				};
			};
			buildConfigurationList = 56E8B55C1A8BE267000DCC81 /* Build configuration list for PBXProject "MustacheDemoOSX" */;
			compatibilityVersion = "Xcode 3.2";
			developmentRegion = English;
			hasScannedForEncodings = 0;
			knownRegions = (
				en,
				Base,
			);
			mainGroup = 56E8B5581A8BE267000DCC81;
			productRefGroup = 56E8B5621A8BE267000DCC81 /* Products */;
			projectDirPath = "";
			projectReferences = (
				{
					ProductGroup = 561AF2141D906401007BD01B /* Products */;
					ProjectRef = 561AF2131D906401007BD01B /* Mustache.xcodeproj */;
				},
			);
			projectRoot = "";
			targets = (
				56E8B5601A8BE267000DCC81 /* MustacheDemoOSX */,
			);
		};
/* End PBXProject section */

/* Begin PBXReferenceProxy section */
		561AF21D1D906402007BD01B /* Mustache.framework */ = {
			isa = PBXReferenceProxy;
			fileType = wrapper.framework;
			path = Mustache.framework;
			remoteRef = 561AF21C1D906402007BD01B /* PBXContainerItemProxy */;
			sourceTree = BUILT_PRODUCTS_DIR;
		};
		561AF21F1D906402007BD01B /* MustacheiOSTests.xctest */ = {
			isa = PBXReferenceProxy;
			fileType = wrapper.cfbundle;
			path = MustacheiOSTests.xctest;
			remoteRef = 561AF21E1D906402007BD01B /* PBXContainerItemProxy */;
			sourceTree = BUILT_PRODUCTS_DIR;
		};
		561AF2211D906402007BD01B /* Mustache.framework */ = {
			isa = PBXReferenceProxy;
			fileType = wrapper.framework;
			path = Mustache.framework;
			remoteRef = 561AF2201D906402007BD01B /* PBXContainerItemProxy */;
			sourceTree = BUILT_PRODUCTS_DIR;
		};
		561AF2231D906402007BD01B /* MustacheOSXTests.xctest */ = {
			isa = PBXReferenceProxy;
			fileType = wrapper.cfbundle;
			path = MustacheOSXTests.xctest;
			remoteRef = 561AF2221D906402007BD01B /* PBXContainerItemProxy */;
			sourceTree = BUILT_PRODUCTS_DIR;
		};
		561AF2251D906402007BD01B /* Mustache.framework */ = {
			isa = PBXReferenceProxy;
			fileType = wrapper.framework;
			path = Mustache.framework;
			remoteRef = 561AF2241D906402007BD01B /* PBXContainerItemProxy */;
			sourceTree = BUILT_PRODUCTS_DIR;
		};
		561AF2271D906402007BD01B /* MustacheTVOSTests.xctest */ = {
			isa = PBXReferenceProxy;
			fileType = wrapper.cfbundle;
			path = MustacheTVOSTests.xctest;
			remoteRef = 561AF2261D906402007BD01B /* PBXContainerItemProxy */;
			sourceTree = BUILT_PRODUCTS_DIR;
		};
/* End PBXReferenceProxy section */

/* Begin PBXResourcesBuildPhase section */
		56E8B55F1A8BE267000DCC81 /* Resources */ = {
			isa = PBXResourcesBuildPhase;
			buildActionMask = 2147483647;
			files = (
				56E8B56B1A8BE267000DCC81 /* Images.xcassets in Resources */,
				56966A501A8BFE0F00BFBB56 /* Localizable.strings in Resources */,
				56E8B56E1A8BE267000DCC81 /* Main.storyboard in Resources */,
			);
			runOnlyForDeploymentPostprocessing = 0;
		};
/* End PBXResourcesBuildPhase section */

/* Begin PBXSourcesBuildPhase section */
		56E8B55D1A8BE267000DCC81 /* Sources */ = {
			isa = PBXSourcesBuildPhase;
			buildActionMask = 2147483647;
			files = (
				56966A461A8BEA3C00BFBB56 /* Model.swift in Sources */,
				56E8B5691A8BE267000DCC81 /* ViewController.swift in Sources */,
				56E8B5671A8BE267000DCC81 /* AppDelegate.swift in Sources */,
			);
			runOnlyForDeploymentPostprocessing = 0;
		};
/* End PBXSourcesBuildPhase section */

/* Begin PBXTargetDependency section */
		561AF2291D906408007BD01B /* PBXTargetDependency */ = {
			isa = PBXTargetDependency;
			name = MustacheOSX;
			targetProxy = 561AF2281D906408007BD01B /* PBXContainerItemProxy */;
		};
		561AF22D1D906436007BD01B /* PBXTargetDependency */ = {
			isa = PBXTargetDependency;
			name = MustacheOSX;
			targetProxy = 561AF22C1D906436007BD01B /* PBXContainerItemProxy */;
		};
/* End PBXTargetDependency section */

/* Begin PBXVariantGroup section */
		56966A521A8BFE0F00BFBB56 /* Localizable.strings */ = {
			isa = PBXVariantGroup;
			children = (
				56966A511A8BFE0F00BFBB56 /* en */,
			);
			name = Localizable.strings;
			sourceTree = "<group>";
		};
		56E8B56C1A8BE267000DCC81 /* Main.storyboard */ = {
			isa = PBXVariantGroup;
			children = (
				56E8B56D1A8BE267000DCC81 /* Base */,
			);
			name = Main.storyboard;
			sourceTree = "<group>";
		};
/* End PBXVariantGroup section */

/* Begin XCBuildConfiguration section */
		56E8B57B1A8BE267000DCC81 /* Debug */ = {
			isa = XCBuildConfiguration;
			buildSettings = {
				ALWAYS_SEARCH_USER_PATHS = NO;
				CLANG_CXX_LANGUAGE_STANDARD = "gnu++0x";
				CLANG_CXX_LIBRARY = "libc++";
				CLANG_ENABLE_MODULES = YES;
				CLANG_ENABLE_OBJC_ARC = YES;
				CLANG_WARN_BLOCK_CAPTURE_AUTORELEASING = YES;
				CLANG_WARN_BOOL_CONVERSION = YES;
				CLANG_WARN_COMMA = YES;
				CLANG_WARN_CONSTANT_CONVERSION = YES;
				CLANG_WARN_DIRECT_OBJC_ISA_USAGE = YES_ERROR;
				CLANG_WARN_EMPTY_BODY = YES;
				CLANG_WARN_ENUM_CONVERSION = YES;
				CLANG_WARN_INFINITE_RECURSION = YES;
				CLANG_WARN_INT_CONVERSION = YES;
				CLANG_WARN_NON_LITERAL_NULL_CONVERSION = YES;
				CLANG_WARN_OBJC_LITERAL_CONVERSION = YES;
				CLANG_WARN_OBJC_ROOT_CLASS = YES_ERROR;
				CLANG_WARN_RANGE_LOOP_ANALYSIS = YES;
				CLANG_WARN_STRICT_PROTOTYPES = YES;
				CLANG_WARN_SUSPICIOUS_MOVE = YES;
				CLANG_WARN_UNREACHABLE_CODE = YES;
				CLANG_WARN__DUPLICATE_METHOD_MATCH = YES;
				CODE_SIGN_IDENTITY = "-";
				COPY_PHASE_STRIP = NO;
				ENABLE_STRICT_OBJC_MSGSEND = YES;
				ENABLE_TESTABILITY = YES;
				GCC_C_LANGUAGE_STANDARD = gnu99;
				GCC_DYNAMIC_NO_PIC = NO;
				GCC_NO_COMMON_BLOCKS = YES;
				GCC_OPTIMIZATION_LEVEL = 0;
				GCC_PREPROCESSOR_DEFINITIONS = (
					"DEBUG=1",
					"$(inherited)",
				);
				GCC_SYMBOLS_PRIVATE_EXTERN = NO;
				GCC_WARN_64_TO_32_BIT_CONVERSION = YES;
				GCC_WARN_ABOUT_RETURN_TYPE = YES_ERROR;
				GCC_WARN_UNDECLARED_SELECTOR = YES;
				GCC_WARN_UNINITIALIZED_AUTOS = YES_AGGRESSIVE;
				GCC_WARN_UNUSED_FUNCTION = YES;
				GCC_WARN_UNUSED_VARIABLE = YES;
				MACOSX_DEPLOYMENT_TARGET = 10.10;
				MTL_ENABLE_DEBUG_INFO = YES;
				ONLY_ACTIVE_ARCH = YES;
				SDKROOT = macosx;
				SWIFT_OPTIMIZATION_LEVEL = "-Onone";
				SWIFT_VERSION = 4.0;
			};
			name = Debug;
		};
		56E8B57C1A8BE267000DCC81 /* Release */ = {
			isa = XCBuildConfiguration;
			buildSettings = {
				ALWAYS_SEARCH_USER_PATHS = NO;
				CLANG_CXX_LANGUAGE_STANDARD = "gnu++0x";
				CLANG_CXX_LIBRARY = "libc++";
				CLANG_ENABLE_MODULES = YES;
				CLANG_ENABLE_OBJC_ARC = YES;
				CLANG_WARN_BLOCK_CAPTURE_AUTORELEASING = YES;
				CLANG_WARN_BOOL_CONVERSION = YES;
				CLANG_WARN_COMMA = YES;
				CLANG_WARN_CONSTANT_CONVERSION = YES;
				CLANG_WARN_DIRECT_OBJC_ISA_USAGE = YES_ERROR;
				CLANG_WARN_EMPTY_BODY = YES;
				CLANG_WARN_ENUM_CONVERSION = YES;
				CLANG_WARN_INFINITE_RECURSION = YES;
				CLANG_WARN_INT_CONVERSION = YES;
				CLANG_WARN_NON_LITERAL_NULL_CONVERSION = YES;
				CLANG_WARN_OBJC_LITERAL_CONVERSION = YES;
				CLANG_WARN_OBJC_ROOT_CLASS = YES_ERROR;
				CLANG_WARN_RANGE_LOOP_ANALYSIS = YES;
				CLANG_WARN_STRICT_PROTOTYPES = YES;
				CLANG_WARN_SUSPICIOUS_MOVE = YES;
				CLANG_WARN_UNREACHABLE_CODE = YES;
				CLANG_WARN__DUPLICATE_METHOD_MATCH = YES;
				CODE_SIGN_IDENTITY = "-";
				COPY_PHASE_STRIP = YES;
				DEBUG_INFORMATION_FORMAT = "dwarf-with-dsym";
				ENABLE_NS_ASSERTIONS = NO;
				ENABLE_STRICT_OBJC_MSGSEND = YES;
				GCC_C_LANGUAGE_STANDARD = gnu99;
				GCC_NO_COMMON_BLOCKS = YES;
				GCC_WARN_64_TO_32_BIT_CONVERSION = YES;
				GCC_WARN_ABOUT_RETURN_TYPE = YES_ERROR;
				GCC_WARN_UNDECLARED_SELECTOR = YES;
				GCC_WARN_UNINITIALIZED_AUTOS = YES_AGGRESSIVE;
				GCC_WARN_UNUSED_FUNCTION = YES;
				GCC_WARN_UNUSED_VARIABLE = YES;
				MACOSX_DEPLOYMENT_TARGET = 10.10;
				MTL_ENABLE_DEBUG_INFO = NO;
				SDKROOT = macosx;
				SWIFT_OPTIMIZATION_LEVEL = "-Owholemodule";
				SWIFT_VERSION = 4.0;
			};
			name = Release;
		};
		56E8B57E1A8BE267000DCC81 /* Debug */ = {
			isa = XCBuildConfiguration;
			buildSettings = {
				ALWAYS_EMBED_SWIFT_STANDARD_LIBRARIES = YES;
				ASSETCATALOG_COMPILER_APPICON_NAME = AppIcon;
				COMBINE_HIDPI_IMAGES = YES;
				INFOPLIST_FILE = MustacheDemoOSX/Info.plist;
				LD_RUNPATH_SEARCH_PATHS = "$(inherited) @executable_path/../Frameworks";
				PRODUCT_BUNDLE_IDENTIFIER = "com.github.groue.$(PRODUCT_NAME:rfc1034identifier)";
				PRODUCT_NAME = "$(TARGET_NAME)";
			};
			name = Debug;
		};
		56E8B57F1A8BE267000DCC81 /* Release */ = {
			isa = XCBuildConfiguration;
			buildSettings = {
				ALWAYS_EMBED_SWIFT_STANDARD_LIBRARIES = YES;
				ASSETCATALOG_COMPILER_APPICON_NAME = AppIcon;
				COMBINE_HIDPI_IMAGES = YES;
				INFOPLIST_FILE = MustacheDemoOSX/Info.plist;
				LD_RUNPATH_SEARCH_PATHS = "$(inherited) @executable_path/../Frameworks";
				PRODUCT_BUNDLE_IDENTIFIER = "com.github.groue.$(PRODUCT_NAME:rfc1034identifier)";
				PRODUCT_NAME = "$(TARGET_NAME)";
			};
			name = Release;
		};
/* End XCBuildConfiguration section */

/* Begin XCConfigurationList section */
		56E8B55C1A8BE267000DCC81 /* Build configuration list for PBXProject "MustacheDemoOSX" */ = {
			isa = XCConfigurationList;
			buildConfigurations = (
				56E8B57B1A8BE267000DCC81 /* Debug */,
				56E8B57C1A8BE267000DCC81 /* Release */,
			);
			defaultConfigurationIsVisible = 0;
			defaultConfigurationName = Release;
		};
		56E8B57D1A8BE267000DCC81 /* Build configuration list for PBXNativeTarget "MustacheDemoOSX" */ = {
			isa = XCConfigurationList;
			buildConfigurations = (
				56E8B57E1A8BE267000DCC81 /* Debug */,
				56E8B57F1A8BE267000DCC81 /* Release */,
			);
			defaultConfigurationIsVisible = 0;
			defaultConfigurationName = Release;
		};
/* End XCConfigurationList section */
	};
	rootObject = 56E8B5591A8BE267000DCC81 /* Project object */;
}
